
Microsoft Visual Studio Solution File, Format Version 12.00
# Visual Studio 15
VisualStudioVersion = 15.0.27703.2047
MinimumVisualStudioVersion = 10.0.40219.1
Project("{FAE04EC0-301F-11D3-BF4B-00C04F79EFBC}") = "TestGtk", "TestGtk.csproj", "{D8C31343-91DA-463B-95E0-47C60B1D0FBF}"
EndProject
Global
	GlobalSection(SolutionConfigurationPlatforms) = preSolution
		Debug|Any CPU = Debug|Any CPU
		Release|Any CPU = Release|Any CPU
	EndGlobalSection
	GlobalSection(ProjectConfigurationPlatforms) = postSolution
		{D8C31343-91DA-463B-95E0-47C60B1D0FBF}.Debug|Any CPU.ActiveCfg = Debug|Any CPU
		{D8C31343-91DA-463B-95E0-47C60B1D0FBF}.Debug|Any CPU.Build.0 = Debug|Any CPU
		{D8C31343-91DA-463B-95E0-47C60B1D0FBF}.Release|Any CPU.ActiveCfg = Release|Any CPU
		{D8C31343-91DA-463B-95E0-47C60B1D0FBF}.Release|Any CPU.Build.0 = Release|Any CPU
	EndGlobalSection
	GlobalSection(SolutionProperties) = preSolution
		HideSolutionNode = FALSE
	EndGlobalSection
	GlobalSection(ExtensibilityGlobals) = postSolution
		SolutionGuid = {772188AB-3132-4513-AF6A-4BAE7BBA01ED}
	EndGlobalSection
	GlobalSection(MonoDevelopProperties) = preSolution
		StartupItem = TestGtk.csproj
	EndGlobalSection
EndGlobal
