
Microsoft Visual Studio Solution File, Format Version 12.00
# Visual Studio 2012
Project("{2150E333-8FDC-42A3-9474-1A3956D46DE8}") = "ExternalReferences", "ExternalReferences", "{3BB63704-345C-400C-9146-0AD46859D76D}"
	ProjectSection(SolutionItems) = preProject
		ExternalReferences\DotSpatial.Projections.dll = ExternalReferences\DotSpatial.Projections.dll
		ExternalReferences\DotSpatial.Projections.pdb = ExternalReferences\DotSpatial.Projections.pdb
		ExternalReferences\DotSpatial.Projections.XML = ExternalReferences\DotSpatial.Projections.XML
		ExternalReferences\NetTopologySuite.dll = ExternalReferences\NetTopologySuite.dll
		ExternalReferences\nunit.framework.dll = ExternalReferences\nunit.framework.dll
		ExternalReferences\nunit.framework.xml = ExternalReferences\nunit.framework.xml
		ExternalReferences\ProjNET.XML = ExternalReferences\ProjNET.XML
	EndProjectSection
EndProject
Project("{2150E333-8FDC-42A3-9474-1A3956D46DE8}") = "References4SharpMap.Extensions", "References4SharpMap.Extensions", "{AFA0024B-50B7-4CA3-84DC-EC0CA7109492}"
	ProjectSection(SolutionItems) = preProject
		ExternalReferences\References4SharpMap.Extensions\gdal_csharp.dll = ExternalReferences\References4SharpMap.Extensions\gdal_csharp.dll
		ExternalReferences\References4SharpMap.Extensions\GeoAPI.dll = ExternalReferences\References4SharpMap.Extensions\GeoAPI.dll
		ExternalReferences\References4SharpMap.Extensions\Mono.Security.dll = ExternalReferences\References4SharpMap.Extensions\Mono.Security.dll
		ExternalReferences\References4SharpMap.Extensions\Npgsql.dll = ExternalReferences\References4SharpMap.Extensions\Npgsql.dll
		ExternalReferences\References4SharpMap.Extensions\Npgsql.xml = ExternalReferences\References4SharpMap.Extensions\Npgsql.xml
		ExternalReferences\References4SharpMap.Extensions\ogr_csharp.dll = ExternalReferences\References4SharpMap.Extensions\ogr_csharp.dll
		ExternalReferences\References4SharpMap.Extensions\Oracle.DataAccess.dll = ExternalReferences\References4SharpMap.Extensions\Oracle.DataAccess.dll
		ExternalReferences\References4SharpMap.Extensions\OraOps10w.dll = ExternalReferences\References4SharpMap.Extensions\OraOps10w.dll
		ExternalReferences\References4SharpMap.Extensions\osr_csharp.dll = ExternalReferences\References4SharpMap.Extensions\osr_csharp.dll
		ExternalReferences\References4SharpMap.Extensions\PostgreSql.Data.PostgreSqlClient.dll = ExternalReferences\References4SharpMap.Extensions\PostgreSql.Data.PostgreSqlClient.dll
		ExternalReferences\References4SharpMap.Extensions\System.Data.SQLite.DLL = ExternalReferences\References4SharpMap.Extensions\System.Data.SQLite.DLL
		ExternalReferences\References4SharpMap.Extensions\System.Data.SQLite.XML = ExternalReferences\References4SharpMap.Extensions\System.Data.SQLite.XML
	EndProjectSection
EndProject
Project("{FAE04EC0-301F-11D3-BF4B-00C04F79EFBC}") = "SharpMap", "SharpMap\SharpMap.csproj", "{C83777FC-AABB-47D9-911F-D76255D4D541}"
EndProject
Project("{FAE04EC0-301F-11D3-BF4B-00C04F79EFBC}") = "SharpMap.UI", "SharpMap.UI\SharpMap.UI.csproj", "{DD1CC1DB-4BF9-4C88-A100-733D84795F3A}"
EndProject
Project("{FAE04EC0-301F-11D3-BF4B-00C04F79EFBC}") = "UnitTests", "UnitTests\UnitTests.csproj", "{0C76DD99-AC5D-47C0-B76F-CE70092A9AC7}"
EndProject
Project("{E24C65DC-7377-472B-9ABA-BC803B73C61A}") = "DemoWebSite", "Examples\DemoWebSite\", "{32ECD993-CB5A-4AD9-8C8F-45C73A088C13}"
	ProjectSection(WebsiteProperties) = preProject
		SccProjectName = ""
		SccAuxPath = ""
		SccLocalPath = ""
		SccProvider = ""
		TargetFrameworkMoniker = ".NETFramework,Version%3Dv4.0"
		ProjectReferences = "{C83777FC-AABB-47D9-911F-D76255D4D541}|SharpMap.dll;{A4140C12-53F5-438C-8D24-9E48C504FECF}|SharpMap.Extensions.dll;{292ef671-4063-4952-8de0-423df72a0950}|SharpMap.Web.dll;"
		Debug.AspNetCompiler.VirtualPath = "/DemoWebSite"
		Debug.AspNetCompiler.PhysicalPath = "Examples\DemoWebSite\"
		Debug.AspNetCompiler.TargetPath = "Examples\PrecompiledWeb\DemoWebSite\"
		Debug.AspNetCompiler.Updateable = "true"
		Debug.AspNetCompiler.ForceOverwrite = "true"
		Debug.AspNetCompiler.FixedNames = "false"
		Debug.AspNetCompiler.Debug = "True"
		Release.AspNetCompiler.VirtualPath = "/DemoWebSite"
		Release.AspNetCompiler.PhysicalPath = "Examples\DemoWebSite\"
		Release.AspNetCompiler.TargetPath = "Examples\PrecompiledWeb\DemoWebSite\"
		Release.AspNetCompiler.Updateable = "true"
		Release.AspNetCompiler.ForceOverwrite = "true"
		Release.AspNetCompiler.FixedNames = "false"
		Release.AspNetCompiler.Debug = "False"
		VWDPort = "57050"
		StartServerOnDebug = "true"
	EndProjectSection
EndProject
Project("{FAE04EC0-301F-11D3-BF4B-00C04F79EFBC}") = "SharpMap.Extensions", "SharpMap.Extensions\SharpMap.Extensions.csproj", "{A4140C12-53F5-438C-8D24-9E48C504FECF}"
EndProject
Project("{FAE04EC0-301F-11D3-BF4B-00C04F79EFBC}") = "DemoWinForm", "Examples\DemoWinForm\DemoWinForm.csproj", "{73A45373-6307-4D39-9FE9-E8803F95FAB6}"
EndProject
Project("{FAE04EC0-301F-11D3-BF4B-00C04F79EFBC}") = "WinFormSamples", "Examples\WinFormSamples\WinFormSamples.csproj", "{F81C1843-3B2A-4D72-81AA-A658DB11FA85}"
EndProject
Project("{FAE04EC0-301F-11D3-BF4B-00C04F79EFBC}") = "ExampleCodeSnippets", "Examples\ExampleCodeSnippets\ExampleCodeSnippets.csproj", "{A4184D38-C5A6-4E01-9D1C-8C63791AF825}"
EndProject
Project("{FAE04EC0-301F-11D3-BF4B-00C04F79EFBC}") = "SharpMap.SqlServerSpatialObjects", "SharpMap.SqlServerSpatialObjects\SharpMap.SqlServerSpatialObjects.csproj", "{6D681045-8EF1-44EA-A19D-C7A63A6D0F76}"
EndProject
Project("{2150E333-8FDC-42A3-9474-1A3956D46DE8}") = "BuildTools", "BuildTools", "{8E57A35D-CD7B-4EEE-98BF-0E414F1A4E44}"
	ProjectSection(SolutionItems) = preProject
		BuildTools\NuGet.exe = BuildTools\NuGet.exe
	EndProjectSection
EndProject
Project("{FAE04EC0-301F-11D3-BF4B-00C04F79EFBC}") = "SharpMap.Demo.Wms", "Examples\SharpMap.Demo.Wms\SharpMap.Demo.Wms.csproj", "{7EF67DF8-D868-4177-8817-4CC2E94ABD66}"
EndProject
Project("{2150E333-8FDC-42A3-9474-1A3956D46DE8}") = "Examples", "Examples", "{480154D8-0960-416E-AE45-AF6B06794F77}"
EndProject
Project("{FAE04EC0-301F-11D3-BF4B-00C04F79EFBC}") = "SharpMap.Serialization", "SharpMap.Serialization\SharpMap.Serialization.csproj", "{75E9B9FF-D04E-4F4F-8D06-8CD310F5F2DB}"
EndProject
Project("{2150E333-8FDC-42A3-9474-1A3956D46DE8}") = "PostgisDemoDb", "PostgisDemoDb", "{BCA2C45D-4D40-444B-AE3E-687EB1EC497D}"
	ProjectSection(SolutionItems) = preProject
		Examples\PostgisDemoDb\postgisdemodb.backup = Examples\PostgisDemoDb\postgisdemodb.backup
		Examples\PostgisDemoDb\ReadMe.txt = Examples\PostgisDemoDb\ReadMe.txt
	EndProjectSection
EndProject
Project("{2150E333-8FDC-42A3-9474-1A3956D46DE8}") = "MsSqlSpatialDemoDb", "MsSqlSpatialDemoDb", "{6BCAB37B-F03A-4998-A6CB-EC8EDB4D203E}"
	ProjectSection(SolutionItems) = preProject
		Examples\MsSqlSpatialDemoDb\ReadMe.txt = Examples\MsSqlSpatialDemoDb\ReadMe.txt
		Examples\MsSqlSpatialDemoDb\SharpMapMsSqlSpatialDemoDb.bak = Examples\MsSqlSpatialDemoDb\SharpMapMsSqlSpatialDemoDb.bak
	EndProjectSection
EndProject
Project("{2150E333-8FDC-42A3-9474-1A3956D46DE8}") = "Docs", "Docs", "{7F47E0CC-DB03-4E1F-B409-C861154D42C5}"
	ProjectSection(SolutionItems) = preProject
		Docs\SharpMap-Dependencies.png = Docs\SharpMap-Dependencies.png
	EndProjectSection
EndProject
Project("{FAE04EC0-301F-11D3-BF4B-00C04F79EFBC}") = "SharpMap.Web", "SharpMap.Web\SharpMap.Web.csproj", "{292EF671-4063-4952-8DE0-423DF72A0950}"
EndProject
Global
	GlobalSection(SolutionConfigurationPlatforms) = preSolution
		Debug|.NET = Debug|.NET
		Debug|Any CPU = Debug|Any CPU
		Debug|Mixed Platforms = Debug|Mixed Platforms
		DebugDSProjection|.NET = DebugDSProjection|.NET
		DebugDSProjection|Any CPU = DebugDSProjection|Any CPU
		DebugDSProjection|Mixed Platforms = DebugDSProjection|Mixed Platforms
		Release|.NET = Release|.NET
		Release|Any CPU = Release|Any CPU
		Release|Mixed Platforms = Release|Mixed Platforms
		ReleaseDSProjection|.NET = ReleaseDSProjection|.NET
		ReleaseDSProjection|Any CPU = ReleaseDSProjection|Any CPU
		ReleaseDSProjection|Mixed Platforms = ReleaseDSProjection|Mixed Platforms
	EndGlobalSection
	GlobalSection(ProjectConfigurationPlatforms) = postSolution
		{C83777FC-AABB-47D9-911F-D76255D4D541}.Debug|.NET.ActiveCfg = Debug|Any CPU
		{C83777FC-AABB-47D9-911F-D76255D4D541}.Debug|.NET.Build.0 = Debug|Any CPU
		{C83777FC-AABB-47D9-911F-D76255D4D541}.Debug|Any CPU.ActiveCfg = Debug|Any CPU
		{C83777FC-AABB-47D9-911F-D76255D4D541}.Debug|Any CPU.Build.0 = Debug|Any CPU
		{C83777FC-AABB-47D9-911F-D76255D4D541}.Debug|Mixed Platforms.ActiveCfg = Debug|Any CPU
		{C83777FC-AABB-47D9-911F-D76255D4D541}.Debug|Mixed Platforms.Build.0 = Debug|Any CPU
		{C83777FC-AABB-47D9-911F-D76255D4D541}.DebugDSProjection|.NET.ActiveCfg = DebugDSProjection|Any CPU
		{C83777FC-AABB-47D9-911F-D76255D4D541}.DebugDSProjection|Any CPU.ActiveCfg = DebugDSProjection|Any CPU
		{C83777FC-AABB-47D9-911F-D76255D4D541}.DebugDSProjection|Any CPU.Build.0 = DebugDSProjection|Any CPU
		{C83777FC-AABB-47D9-911F-D76255D4D541}.DebugDSProjection|Mixed Platforms.ActiveCfg = DebugDSProjection|Any CPU
		{C83777FC-AABB-47D9-911F-D76255D4D541}.DebugDSProjection|Mixed Platforms.Build.0 = DebugDSProjection|Any CPU
		{C83777FC-AABB-47D9-911F-D76255D4D541}.Release|.NET.ActiveCfg = Release|Any CPU
		{C83777FC-AABB-47D9-911F-D76255D4D541}.Release|Any CPU.ActiveCfg = Release|Any CPU
		{C83777FC-AABB-47D9-911F-D76255D4D541}.Release|Any CPU.Build.0 = Release|Any CPU
		{C83777FC-AABB-47D9-911F-D76255D4D541}.Release|Mixed Platforms.ActiveCfg = Release|Any CPU
		{C83777FC-AABB-47D9-911F-D76255D4D541}.Release|Mixed Platforms.Build.0 = Release|Any CPU
		{C83777FC-AABB-47D9-911F-D76255D4D541}.ReleaseDSProjection|.NET.ActiveCfg = ReleaseDSProjection|Any CPU
		{C83777FC-AABB-47D9-911F-D76255D4D541}.ReleaseDSProjection|Any CPU.ActiveCfg = ReleaseDSProjection|Any CPU
		{C83777FC-AABB-47D9-911F-D76255D4D541}.ReleaseDSProjection|Any CPU.Build.0 = ReleaseDSProjection|Any CPU
		{C83777FC-AABB-47D9-911F-D76255D4D541}.ReleaseDSProjection|Mixed Platforms.ActiveCfg = ReleaseDSProjection|Any CPU
		{C83777FC-AABB-47D9-911F-D76255D4D541}.ReleaseDSProjection|Mixed Platforms.Build.0 = ReleaseDSProjection|Any CPU
		{DD1CC1DB-4BF9-4C88-A100-733D84795F3A}.Debug|.NET.ActiveCfg = Debug|Any CPU
		{DD1CC1DB-4BF9-4C88-A100-733D84795F3A}.Debug|.NET.Build.0 = Debug|Any CPU
		{DD1CC1DB-4BF9-4C88-A100-733D84795F3A}.Debug|Any CPU.ActiveCfg = Debug|Any CPU
		{DD1CC1DB-4BF9-4C88-A100-733D84795F3A}.Debug|Any CPU.Build.0 = Debug|Any CPU
		{DD1CC1DB-4BF9-4C88-A100-733D84795F3A}.Debug|Mixed Platforms.ActiveCfg = Debug|Any CPU
		{DD1CC1DB-4BF9-4C88-A100-733D84795F3A}.Debug|Mixed Platforms.Build.0 = Debug|Any CPU
		{DD1CC1DB-4BF9-4C88-A100-733D84795F3A}.DebugDSProjection|.NET.ActiveCfg = DebugDSProjection|Any CPU
		{DD1CC1DB-4BF9-4C88-A100-733D84795F3A}.DebugDSProjection|Any CPU.ActiveCfg = DebugDSProjection|Any CPU
		{DD1CC1DB-4BF9-4C88-A100-733D84795F3A}.DebugDSProjection|Any CPU.Build.0 = DebugDSProjection|Any CPU
		{DD1CC1DB-4BF9-4C88-A100-733D84795F3A}.DebugDSProjection|Mixed Platforms.ActiveCfg = DebugDSProjection|Any CPU
		{DD1CC1DB-4BF9-4C88-A100-733D84795F3A}.DebugDSProjection|Mixed Platforms.Build.0 = DebugDSProjection|Any CPU
		{DD1CC1DB-4BF9-4C88-A100-733D84795F3A}.Release|.NET.ActiveCfg = Release|Any CPU
		{DD1CC1DB-4BF9-4C88-A100-733D84795F3A}.Release|Any CPU.ActiveCfg = Release|Any CPU
		{DD1CC1DB-4BF9-4C88-A100-733D84795F3A}.Release|Any CPU.Build.0 = Release|Any CPU
		{DD1CC1DB-4BF9-4C88-A100-733D84795F3A}.Release|Mixed Platforms.ActiveCfg = Release|Any CPU
		{DD1CC1DB-4BF9-4C88-A100-733D84795F3A}.Release|Mixed Platforms.Build.0 = Release|Any CPU
		{DD1CC1DB-4BF9-4C88-A100-733D84795F3A}.ReleaseDSProjection|.NET.ActiveCfg = ReleaseDSProjection|Any CPU
		{DD1CC1DB-4BF9-4C88-A100-733D84795F3A}.ReleaseDSProjection|Any CPU.ActiveCfg = ReleaseDSProjection|Any CPU
		{DD1CC1DB-4BF9-4C88-A100-733D84795F3A}.ReleaseDSProjection|Any CPU.Build.0 = ReleaseDSProjection|Any CPU
		{DD1CC1DB-4BF9-4C88-A100-733D84795F3A}.ReleaseDSProjection|Mixed Platforms.ActiveCfg = ReleaseDSProjection|Any CPU
		{DD1CC1DB-4BF9-4C88-A100-733D84795F3A}.ReleaseDSProjection|Mixed Platforms.Build.0 = ReleaseDSProjection|Any CPU
		{0C76DD99-AC5D-47C0-B76F-CE70092A9AC7}.Debug|.NET.ActiveCfg = Debug|Any CPU
		{0C76DD99-AC5D-47C0-B76F-CE70092A9AC7}.Debug|.NET.Build.0 = Debug|Any CPU
		{0C76DD99-AC5D-47C0-B76F-CE70092A9AC7}.Debug|Any CPU.ActiveCfg = Debug|Any CPU
		{0C76DD99-AC5D-47C0-B76F-CE70092A9AC7}.Debug|Any CPU.Build.0 = Debug|Any CPU
		{0C76DD99-AC5D-47C0-B76F-CE70092A9AC7}.Debug|Mixed Platforms.ActiveCfg = Debug|Any CPU
		{0C76DD99-AC5D-47C0-B76F-CE70092A9AC7}.Debug|Mixed Platforms.Build.0 = Debug|Any CPU
		{0C76DD99-AC5D-47C0-B76F-CE70092A9AC7}.DebugDSProjection|.NET.ActiveCfg = DebugDSProjection|Any CPU
		{0C76DD99-AC5D-47C0-B76F-CE70092A9AC7}.DebugDSProjection|Any CPU.ActiveCfg = DebugDSProjection|Any CPU
		{0C76DD99-AC5D-47C0-B76F-CE70092A9AC7}.DebugDSProjection|Any CPU.Build.0 = DebugDSProjection|Any CPU
		{0C76DD99-AC5D-47C0-B76F-CE70092A9AC7}.DebugDSProjection|Mixed Platforms.ActiveCfg = DebugDSProjection|Any CPU
		{0C76DD99-AC5D-47C0-B76F-CE70092A9AC7}.DebugDSProjection|Mixed Platforms.Build.0 = DebugDSProjection|Any CPU
		{0C76DD99-AC5D-47C0-B76F-CE70092A9AC7}.Release|.NET.ActiveCfg = Release|Any CPU
		{0C76DD99-AC5D-47C0-B76F-CE70092A9AC7}.Release|Any CPU.ActiveCfg = Release|Any CPU
		{0C76DD99-AC5D-47C0-B76F-CE70092A9AC7}.Release|Any CPU.Build.0 = Release|Any CPU
		{0C76DD99-AC5D-47C0-B76F-CE70092A9AC7}.Release|Mixed Platforms.ActiveCfg = Release|Any CPU
		{0C76DD99-AC5D-47C0-B76F-CE70092A9AC7}.Release|Mixed Platforms.Build.0 = Release|Any CPU
		{0C76DD99-AC5D-47C0-B76F-CE70092A9AC7}.ReleaseDSProjection|.NET.ActiveCfg = ReleaseDSProjection|Any CPU
		{0C76DD99-AC5D-47C0-B76F-CE70092A9AC7}.ReleaseDSProjection|Any CPU.ActiveCfg = ReleaseDSProjection|Any CPU
		{0C76DD99-AC5D-47C0-B76F-CE70092A9AC7}.ReleaseDSProjection|Any CPU.Build.0 = ReleaseDSProjection|Any CPU
		{0C76DD99-AC5D-47C0-B76F-CE70092A9AC7}.ReleaseDSProjection|Mixed Platforms.ActiveCfg = ReleaseDSProjection|Any CPU
		{0C76DD99-AC5D-47C0-B76F-CE70092A9AC7}.ReleaseDSProjection|Mixed Platforms.Build.0 = ReleaseDSProjection|Any CPU
		{32ECD993-CB5A-4AD9-8C8F-45C73A088C13}.Debug|.NET.ActiveCfg = Debug|Any CPU
		{32ECD993-CB5A-4AD9-8C8F-45C73A088C13}.Debug|.NET.Build.0 = Debug|Any CPU
		{32ECD993-CB5A-4AD9-8C8F-45C73A088C13}.Debug|Any CPU.ActiveCfg = Debug|Any CPU
		{32ECD993-CB5A-4AD9-8C8F-45C73A088C13}.Debug|Any CPU.Build.0 = Debug|Any CPU
		{32ECD993-CB5A-4AD9-8C8F-45C73A088C13}.Debug|Mixed Platforms.ActiveCfg = Debug|Any CPU
		{32ECD993-CB5A-4AD9-8C8F-45C73A088C13}.DebugDSProjection|.NET.ActiveCfg = Debug|Any CPU
		{32ECD993-CB5A-4AD9-8C8F-45C73A088C13}.DebugDSProjection|Any CPU.ActiveCfg = Debug|Any CPU
		{32ECD993-CB5A-4AD9-8C8F-45C73A088C13}.DebugDSProjection|Any CPU.Build.0 = Debug|Any CPU
		{32ECD993-CB5A-4AD9-8C8F-45C73A088C13}.DebugDSProjection|Mixed Platforms.ActiveCfg = Debug|Any CPU
		{32ECD993-CB5A-4AD9-8C8F-45C73A088C13}.Release|.NET.ActiveCfg = Debug|Any CPU
		{32ECD993-CB5A-4AD9-8C8F-45C73A088C13}.Release|Any CPU.ActiveCfg = Debug|Any CPU
		{32ECD993-CB5A-4AD9-8C8F-45C73A088C13}.Release|Any CPU.Build.0 = Debug|Any CPU
		{32ECD993-CB5A-4AD9-8C8F-45C73A088C13}.Release|Mixed Platforms.ActiveCfg = Debug|Any CPU
		{32ECD993-CB5A-4AD9-8C8F-45C73A088C13}.Release|Mixed Platforms.Build.0 = Debug|Any CPU
		{32ECD993-CB5A-4AD9-8C8F-45C73A088C13}.ReleaseDSProjection|.NET.ActiveCfg = Debug|Any CPU
		{32ECD993-CB5A-4AD9-8C8F-45C73A088C13}.ReleaseDSProjection|Any CPU.ActiveCfg = Debug|Any CPU
		{32ECD993-CB5A-4AD9-8C8F-45C73A088C13}.ReleaseDSProjection|Any CPU.Build.0 = Debug|Any CPU
		{32ECD993-CB5A-4AD9-8C8F-45C73A088C13}.ReleaseDSProjection|Mixed Platforms.ActiveCfg = Debug|Any CPU
		{A4140C12-53F5-438C-8D24-9E48C504FECF}.Debug|.NET.ActiveCfg = Debug|Any CPU
		{A4140C12-53F5-438C-8D24-9E48C504FECF}.Debug|.NET.Build.0 = Debug|Any CPU
		{A4140C12-53F5-438C-8D24-9E48C504FECF}.Debug|Any CPU.ActiveCfg = Debug|Any CPU
		{A4140C12-53F5-438C-8D24-9E48C504FECF}.Debug|Any CPU.Build.0 = Debug|Any CPU
		{A4140C12-53F5-438C-8D24-9E48C504FECF}.Debug|Mixed Platforms.ActiveCfg = Debug|Any CPU
		{A4140C12-53F5-438C-8D24-9E48C504FECF}.Debug|Mixed Platforms.Build.0 = Debug|Any CPU
		{A4140C12-53F5-438C-8D24-9E48C504FECF}.DebugDSProjection|.NET.ActiveCfg = DebugDSProjection|Any CPU
		{A4140C12-53F5-438C-8D24-9E48C504FECF}.DebugDSProjection|Any CPU.ActiveCfg = DebugDSProjection|Any CPU
		{A4140C12-53F5-438C-8D24-9E48C504FECF}.DebugDSProjection|Any CPU.Build.0 = DebugDSProjection|Any CPU
		{A4140C12-53F5-438C-8D24-9E48C504FECF}.DebugDSProjection|Mixed Platforms.ActiveCfg = DebugDSProjection|Any CPU
		{A4140C12-53F5-438C-8D24-9E48C504FECF}.DebugDSProjection|Mixed Platforms.Build.0 = DebugDSProjection|Any CPU
		{A4140C12-53F5-438C-8D24-9E48C504FECF}.Release|.NET.ActiveCfg = Release|Any CPU
		{A4140C12-53F5-438C-8D24-9E48C504FECF}.Release|Any CPU.ActiveCfg = Release|Any CPU
		{A4140C12-53F5-438C-8D24-9E48C504FECF}.Release|Any CPU.Build.0 = Release|Any CPU
		{A4140C12-53F5-438C-8D24-9E48C504FECF}.Release|Mixed Platforms.ActiveCfg = Release|Any CPU
		{A4140C12-53F5-438C-8D24-9E48C504FECF}.Release|Mixed Platforms.Build.0 = Release|Any CPU
		{A4140C12-53F5-438C-8D24-9E48C504FECF}.ReleaseDSProjection|.NET.ActiveCfg = ReleaseDSProjection|Any CPU
		{A4140C12-53F5-438C-8D24-9E48C504FECF}.ReleaseDSProjection|Any CPU.ActiveCfg = ReleaseDSProjection|Any CPU
		{A4140C12-53F5-438C-8D24-9E48C504FECF}.ReleaseDSProjection|Any CPU.Build.0 = ReleaseDSProjection|Any CPU
		{A4140C12-53F5-438C-8D24-9E48C504FECF}.ReleaseDSProjection|Mixed Platforms.ActiveCfg = ReleaseDSProjection|Any CPU
		{A4140C12-53F5-438C-8D24-9E48C504FECF}.ReleaseDSProjection|Mixed Platforms.Build.0 = ReleaseDSProjection|Any CPU
		{73A45373-6307-4D39-9FE9-E8803F95FAB6}.Debug|.NET.ActiveCfg = Debug|Any CPU
		{73A45373-6307-4D39-9FE9-E8803F95FAB6}.Debug|.NET.Build.0 = Debug|Any CPU
		{73A45373-6307-4D39-9FE9-E8803F95FAB6}.Debug|Any CPU.ActiveCfg = Debug|Any CPU
		{73A45373-6307-4D39-9FE9-E8803F95FAB6}.Debug|Any CPU.Build.0 = Debug|Any CPU
		{73A45373-6307-4D39-9FE9-E8803F95FAB6}.Debug|Mixed Platforms.ActiveCfg = Debug|Any CPU
		{73A45373-6307-4D39-9FE9-E8803F95FAB6}.Debug|Mixed Platforms.Build.0 = Debug|Any CPU
		{73A45373-6307-4D39-9FE9-E8803F95FAB6}.DebugDSProjection|.NET.ActiveCfg = DebugDSProjection|Any CPU
		{73A45373-6307-4D39-9FE9-E8803F95FAB6}.DebugDSProjection|Any CPU.ActiveCfg = DebugDSProjection|Any CPU
		{73A45373-6307-4D39-9FE9-E8803F95FAB6}.DebugDSProjection|Any CPU.Build.0 = DebugDSProjection|Any CPU
		{73A45373-6307-4D39-9FE9-E8803F95FAB6}.DebugDSProjection|Mixed Platforms.ActiveCfg = DebugDSProjection|Any CPU
		{73A45373-6307-4D39-9FE9-E8803F95FAB6}.DebugDSProjection|Mixed Platforms.Build.0 = DebugDSProjection|Any CPU
		{73A45373-6307-4D39-9FE9-E8803F95FAB6}.Release|.NET.ActiveCfg = Release|Any CPU
		{73A45373-6307-4D39-9FE9-E8803F95FAB6}.Release|Any CPU.ActiveCfg = Release|Any CPU
		{73A45373-6307-4D39-9FE9-E8803F95FAB6}.Release|Any CPU.Build.0 = Release|Any CPU
		{73A45373-6307-4D39-9FE9-E8803F95FAB6}.Release|Mixed Platforms.ActiveCfg = Release|Any CPU
		{73A45373-6307-4D39-9FE9-E8803F95FAB6}.Release|Mixed Platforms.Build.0 = Release|Any CPU
		{73A45373-6307-4D39-9FE9-E8803F95FAB6}.ReleaseDSProjection|.NET.ActiveCfg = ReleaseDSProjection|Any CPU
		{73A45373-6307-4D39-9FE9-E8803F95FAB6}.ReleaseDSProjection|Any CPU.ActiveCfg = ReleaseDSProjection|Any CPU
		{73A45373-6307-4D39-9FE9-E8803F95FAB6}.ReleaseDSProjection|Any CPU.Build.0 = ReleaseDSProjection|Any CPU
		{73A45373-6307-4D39-9FE9-E8803F95FAB6}.ReleaseDSProjection|Mixed Platforms.ActiveCfg = ReleaseDSProjection|Any CPU
		{73A45373-6307-4D39-9FE9-E8803F95FAB6}.ReleaseDSProjection|Mixed Platforms.Build.0 = ReleaseDSProjection|Any CPU
		{F81C1843-3B2A-4D72-81AA-A658DB11FA85}.Debug|.NET.ActiveCfg = Debug|Any CPU
		{F81C1843-3B2A-4D72-81AA-A658DB11FA85}.Debug|.NET.Build.0 = Debug|Any CPU
		{F81C1843-3B2A-4D72-81AA-A658DB11FA85}.Debug|Any CPU.ActiveCfg = Debug|Any CPU
		{F81C1843-3B2A-4D72-81AA-A658DB11FA85}.Debug|Any CPU.Build.0 = Debug|Any CPU
		{F81C1843-3B2A-4D72-81AA-A658DB11FA85}.Debug|Mixed Platforms.ActiveCfg = Debug|Any CPU
		{F81C1843-3B2A-4D72-81AA-A658DB11FA85}.Debug|Mixed Platforms.Build.0 = Debug|Any CPU
		{F81C1843-3B2A-4D72-81AA-A658DB11FA85}.DebugDSProjection|.NET.ActiveCfg = DebugDSProjection|Any CPU
		{F81C1843-3B2A-4D72-81AA-A658DB11FA85}.DebugDSProjection|Any CPU.ActiveCfg = DebugDSProjection|Any CPU
		{F81C1843-3B2A-4D72-81AA-A658DB11FA85}.DebugDSProjection|Any CPU.Build.0 = DebugDSProjection|Any CPU
		{F81C1843-3B2A-4D72-81AA-A658DB11FA85}.DebugDSProjection|Mixed Platforms.ActiveCfg = DebugDSProjection|Any CPU
		{F81C1843-3B2A-4D72-81AA-A658DB11FA85}.DebugDSProjection|Mixed Platforms.Build.0 = DebugDSProjection|Any CPU
		{F81C1843-3B2A-4D72-81AA-A658DB11FA85}.Release|.NET.ActiveCfg = Release|Any CPU
		{F81C1843-3B2A-4D72-81AA-A658DB11FA85}.Release|Any CPU.ActiveCfg = Release|Any CPU
		{F81C1843-3B2A-4D72-81AA-A658DB11FA85}.Release|Any CPU.Build.0 = Release|Any CPU
		{F81C1843-3B2A-4D72-81AA-A658DB11FA85}.Release|Mixed Platforms.ActiveCfg = Release|Any CPU
		{F81C1843-3B2A-4D72-81AA-A658DB11FA85}.Release|Mixed Platforms.Build.0 = Release|Any CPU
		{F81C1843-3B2A-4D72-81AA-A658DB11FA85}.ReleaseDSProjection|.NET.ActiveCfg = ReleaseDSProjection|Any CPU
		{F81C1843-3B2A-4D72-81AA-A658DB11FA85}.ReleaseDSProjection|Any CPU.ActiveCfg = ReleaseDSProjection|Any CPU
		{F81C1843-3B2A-4D72-81AA-A658DB11FA85}.ReleaseDSProjection|Any CPU.Build.0 = ReleaseDSProjection|Any CPU
		{F81C1843-3B2A-4D72-81AA-A658DB11FA85}.ReleaseDSProjection|Mixed Platforms.ActiveCfg = ReleaseDSProjection|Any CPU
		{F81C1843-3B2A-4D72-81AA-A658DB11FA85}.ReleaseDSProjection|Mixed Platforms.Build.0 = ReleaseDSProjection|Any CPU
		{A4184D38-C5A6-4E01-9D1C-8C63791AF825}.Debug|.NET.ActiveCfg = Debug|Any CPU
		{A4184D38-C5A6-4E01-9D1C-8C63791AF825}.Debug|.NET.Build.0 = Debug|Any CPU
		{A4184D38-C5A6-4E01-9D1C-8C63791AF825}.Debug|Any CPU.ActiveCfg = Debug|Any CPU
		{A4184D38-C5A6-4E01-9D1C-8C63791AF825}.Debug|Any CPU.Build.0 = Debug|Any CPU
		{A4184D38-C5A6-4E01-9D1C-8C63791AF825}.Debug|Mixed Platforms.ActiveCfg = Debug|Any CPU
		{A4184D38-C5A6-4E01-9D1C-8C63791AF825}.Debug|Mixed Platforms.Build.0 = Debug|Any CPU
		{A4184D38-C5A6-4E01-9D1C-8C63791AF825}.DebugDSProjection|.NET.ActiveCfg = DebugDSProjection|Any CPU
		{A4184D38-C5A6-4E01-9D1C-8C63791AF825}.DebugDSProjection|Any CPU.ActiveCfg = DebugDSProjection|Any CPU
		{A4184D38-C5A6-4E01-9D1C-8C63791AF825}.DebugDSProjection|Any CPU.Build.0 = DebugDSProjection|Any CPU
		{A4184D38-C5A6-4E01-9D1C-8C63791AF825}.DebugDSProjection|Mixed Platforms.ActiveCfg = DebugDSProjection|Any CPU
		{A4184D38-C5A6-4E01-9D1C-8C63791AF825}.DebugDSProjection|Mixed Platforms.Build.0 = DebugDSProjection|Any CPU
		{A4184D38-C5A6-4E01-9D1C-8C63791AF825}.Release|.NET.ActiveCfg = Release|Any CPU
		{A4184D38-C5A6-4E01-9D1C-8C63791AF825}.Release|Any CPU.ActiveCfg = Release|Any CPU
		{A4184D38-C5A6-4E01-9D1C-8C63791AF825}.Release|Any CPU.Build.0 = Release|Any CPU
		{A4184D38-C5A6-4E01-9D1C-8C63791AF825}.Release|Mixed Platforms.ActiveCfg = Release|Any CPU
		{A4184D38-C5A6-4E01-9D1C-8C63791AF825}.Release|Mixed Platforms.Build.0 = Release|Any CPU
		{A4184D38-C5A6-4E01-9D1C-8C63791AF825}.ReleaseDSProjection|.NET.ActiveCfg = ReleaseDSProjection|Any CPU
		{A4184D38-C5A6-4E01-9D1C-8C63791AF825}.ReleaseDSProjection|Any CPU.ActiveCfg = ReleaseDSProjection|Any CPU
		{A4184D38-C5A6-4E01-9D1C-8C63791AF825}.ReleaseDSProjection|Any CPU.Build.0 = ReleaseDSProjection|Any CPU
		{A4184D38-C5A6-4E01-9D1C-8C63791AF825}.ReleaseDSProjection|Mixed Platforms.ActiveCfg = ReleaseDSProjection|Any CPU
		{A4184D38-C5A6-4E01-9D1C-8C63791AF825}.ReleaseDSProjection|Mixed Platforms.Build.0 = ReleaseDSProjection|Any CPU
		{6D681045-8EF1-44EA-A19D-C7A63A6D0F76}.Debug|.NET.ActiveCfg = Debug|Any CPU
		{6D681045-8EF1-44EA-A19D-C7A63A6D0F76}.Debug|Any CPU.ActiveCfg = Debug|Any CPU
		{6D681045-8EF1-44EA-A19D-C7A63A6D0F76}.Debug|Any CPU.Build.0 = Debug|Any CPU
		{6D681045-8EF1-44EA-A19D-C7A63A6D0F76}.Debug|Mixed Platforms.ActiveCfg = Debug|Any CPU
		{6D681045-8EF1-44EA-A19D-C7A63A6D0F76}.Debug|Mixed Platforms.Build.0 = Debug|Any CPU
		{6D681045-8EF1-44EA-A19D-C7A63A6D0F76}.DebugDSProjection|.NET.ActiveCfg = DebugDSProjection|Any CPU
		{6D681045-8EF1-44EA-A19D-C7A63A6D0F76}.DebugDSProjection|Any CPU.ActiveCfg = DebugDSProjection|Any CPU
		{6D681045-8EF1-44EA-A19D-C7A63A6D0F76}.DebugDSProjection|Any CPU.Build.0 = DebugDSProjection|Any CPU
		{6D681045-8EF1-44EA-A19D-C7A63A6D0F76}.DebugDSProjection|Mixed Platforms.ActiveCfg = DebugDSProjection|Any CPU
		{6D681045-8EF1-44EA-A19D-C7A63A6D0F76}.DebugDSProjection|Mixed Platforms.Build.0 = DebugDSProjection|Any CPU
		{6D681045-8EF1-44EA-A19D-C7A63A6D0F76}.Release|.NET.ActiveCfg = Release|Any CPU
		{6D681045-8EF1-44EA-A19D-C7A63A6D0F76}.Release|Any CPU.ActiveCfg = Release|Any CPU
		{6D681045-8EF1-44EA-A19D-C7A63A6D0F76}.Release|Any CPU.Build.0 = Release|Any CPU
		{6D681045-8EF1-44EA-A19D-C7A63A6D0F76}.Release|Mixed Platforms.ActiveCfg = Release|Any CPU
		{6D681045-8EF1-44EA-A19D-C7A63A6D0F76}.Release|Mixed Platforms.Build.0 = Release|Any CPU
		{6D681045-8EF1-44EA-A19D-C7A63A6D0F76}.ReleaseDSProjection|.NET.ActiveCfg = ReleaseDSProjection|Any CPU
		{6D681045-8EF1-44EA-A19D-C7A63A6D0F76}.ReleaseDSProjection|Any CPU.ActiveCfg = ReleaseDSProjection|Any CPU
		{6D681045-8EF1-44EA-A19D-C7A63A6D0F76}.ReleaseDSProjection|Any CPU.Build.0 = ReleaseDSProjection|Any CPU
		{6D681045-8EF1-44EA-A19D-C7A63A6D0F76}.ReleaseDSProjection|Mixed Platforms.ActiveCfg = ReleaseDSProjection|Any CPU
		{6D681045-8EF1-44EA-A19D-C7A63A6D0F76}.ReleaseDSProjection|Mixed Platforms.Build.0 = ReleaseDSProjection|Any CPU
		{7EF67DF8-D868-4177-8817-4CC2E94ABD66}.Debug|.NET.ActiveCfg = Debug|Any CPU
		{7EF67DF8-D868-4177-8817-4CC2E94ABD66}.Debug|Any CPU.ActiveCfg = Debug|Any CPU
		{7EF67DF8-D868-4177-8817-4CC2E94ABD66}.Debug|Any CPU.Build.0 = Debug|Any CPU
		{7EF67DF8-D868-4177-8817-4CC2E94ABD66}.Debug|Mixed Platforms.ActiveCfg = Debug|Any CPU
		{7EF67DF8-D868-4177-8817-4CC2E94ABD66}.Debug|Mixed Platforms.Build.0 = Debug|Any CPU
		{7EF67DF8-D868-4177-8817-4CC2E94ABD66}.DebugDSProjection|.NET.ActiveCfg = Debug|Any CPU
		{7EF67DF8-D868-4177-8817-4CC2E94ABD66}.DebugDSProjection|Any CPU.ActiveCfg = Debug|Any CPU
		{7EF67DF8-D868-4177-8817-4CC2E94ABD66}.DebugDSProjection|Any CPU.Build.0 = Debug|Any CPU
		{7EF67DF8-D868-4177-8817-4CC2E94ABD66}.DebugDSProjection|Mixed Platforms.ActiveCfg = Debug|Any CPU
		{7EF67DF8-D868-4177-8817-4CC2E94ABD66}.Release|.NET.ActiveCfg = Release|Any CPU
		{7EF67DF8-D868-4177-8817-4CC2E94ABD66}.Release|Any CPU.ActiveCfg = Release|Any CPU
		{7EF67DF8-D868-4177-8817-4CC2E94ABD66}.Release|Any CPU.Build.0 = Release|Any CPU
		{7EF67DF8-D868-4177-8817-4CC2E94ABD66}.Release|Mixed Platforms.ActiveCfg = Release|Any CPU
		{7EF67DF8-D868-4177-8817-4CC2E94ABD66}.Release|Mixed Platforms.Build.0 = Release|Any CPU
		{7EF67DF8-D868-4177-8817-4CC2E94ABD66}.ReleaseDSProjection|.NET.ActiveCfg = Release|Any CPU
		{7EF67DF8-D868-4177-8817-4CC2E94ABD66}.ReleaseDSProjection|Any CPU.ActiveCfg = Release|Any CPU
		{7EF67DF8-D868-4177-8817-4CC2E94ABD66}.ReleaseDSProjection|Any CPU.Build.0 = Release|Any CPU
		{7EF67DF8-D868-4177-8817-4CC2E94ABD66}.ReleaseDSProjection|Mixed Platforms.ActiveCfg = Release|Any CPU
		{75E9B9FF-D04E-4F4F-8D06-8CD310F5F2DB}.Debug|.NET.ActiveCfg = Debug|Any CPU
		{75E9B9FF-D04E-4F4F-8D06-8CD310F5F2DB}.Debug|Any CPU.ActiveCfg = Debug|Any CPU
		{75E9B9FF-D04E-4F4F-8D06-8CD310F5F2DB}.Debug|Any CPU.Build.0 = Debug|Any CPU
		{75E9B9FF-D04E-4F4F-8D06-8CD310F5F2DB}.Debug|Mixed Platforms.ActiveCfg = Debug|Any CPU
		{75E9B9FF-D04E-4F4F-8D06-8CD310F5F2DB}.Debug|Mixed Platforms.Build.0 = Debug|Any CPU
		{75E9B9FF-D04E-4F4F-8D06-8CD310F5F2DB}.DebugDSProjection|.NET.ActiveCfg = Debug|Any CPU
		{75E9B9FF-D04E-4F4F-8D06-8CD310F5F2DB}.DebugDSProjection|Any CPU.ActiveCfg = Debug|Any CPU
		{75E9B9FF-D04E-4F4F-8D06-8CD310F5F2DB}.DebugDSProjection|Any CPU.Build.0 = Debug|Any CPU
		{75E9B9FF-D04E-4F4F-8D06-8CD310F5F2DB}.DebugDSProjection|Mixed Platforms.ActiveCfg = Debug|Any CPU
		{75E9B9FF-D04E-4F4F-8D06-8CD310F5F2DB}.DebugDSProjection|Mixed Platforms.Build.0 = Debug|Any CPU
		{75E9B9FF-D04E-4F4F-8D06-8CD310F5F2DB}.Release|.NET.ActiveCfg = Release|Any CPU
		{75E9B9FF-D04E-4F4F-8D06-8CD310F5F2DB}.Release|Any CPU.ActiveCfg = Release|Any CPU
		{75E9B9FF-D04E-4F4F-8D06-8CD310F5F2DB}.Release|Any CPU.Build.0 = Release|Any CPU
		{75E9B9FF-D04E-4F4F-8D06-8CD310F5F2DB}.Release|Mixed Platforms.ActiveCfg = Release|Any CPU
		{75E9B9FF-D04E-4F4F-8D06-8CD310F5F2DB}.Release|Mixed Platforms.Build.0 = Release|Any CPU
		{75E9B9FF-D04E-4F4F-8D06-8CD310F5F2DB}.ReleaseDSProjection|.NET.ActiveCfg = Release|Any CPU
		{75E9B9FF-D04E-4F4F-8D06-8CD310F5F2DB}.ReleaseDSProjection|Any CPU.ActiveCfg = Release|Any CPU
		{75E9B9FF-D04E-4F4F-8D06-8CD310F5F2DB}.ReleaseDSProjection|Any CPU.Build.0 = Release|Any CPU
		{75E9B9FF-D04E-4F4F-8D06-8CD310F5F2DB}.ReleaseDSProjection|Mixed Platforms.ActiveCfg = Release|Any CPU
		{75E9B9FF-D04E-4F4F-8D06-8CD310F5F2DB}.ReleaseDSProjection|Mixed Platforms.Build.0 = Release|Any CPU
		{292EF671-4063-4952-8DE0-423DF72A0950}.Debug|.NET.ActiveCfg = Debug|Any CPU
		{292EF671-4063-4952-8DE0-423DF72A0950}.Debug|Any CPU.ActiveCfg = Debug|Any CPU
		{292EF671-4063-4952-8DE0-423DF72A0950}.Debug|Any CPU.Build.0 = Debug|Any CPU
		{292EF671-4063-4952-8DE0-423DF72A0950}.Debug|Mixed Platforms.ActiveCfg = Debug|Any CPU
		{292EF671-4063-4952-8DE0-423DF72A0950}.Debug|Mixed Platforms.Build.0 = Debug|Any CPU
		{292EF671-4063-4952-8DE0-423DF72A0950}.DebugDSProjection|.NET.ActiveCfg = Debug|Any CPU
		{292EF671-4063-4952-8DE0-423DF72A0950}.DebugDSProjection|Any CPU.ActiveCfg = Debug|Any CPU
		{292EF671-4063-4952-8DE0-423DF72A0950}.DebugDSProjection|Any CPU.Build.0 = Debug|Any CPU
		{292EF671-4063-4952-8DE0-423DF72A0950}.DebugDSProjection|Mixed Platforms.ActiveCfg = DebugDSProjection|Any CPU
		{292EF671-4063-4952-8DE0-423DF72A0950}.DebugDSProjection|Mixed Platforms.Build.0 = DebugDSProjection|Any CPU
		{292EF671-4063-4952-8DE0-423DF72A0950}.Release|.NET.ActiveCfg = Release|Any CPU
		{292EF671-4063-4952-8DE0-423DF72A0950}.Release|Any CPU.ActiveCfg = Release|Any CPU
		{292EF671-4063-4952-8DE0-423DF72A0950}.Release|Any CPU.Build.0 = Release|Any CPU
		{292EF671-4063-4952-8DE0-423DF72A0950}.Release|Mixed Platforms.ActiveCfg = Release|Any CPU
		{292EF671-4063-4952-8DE0-423DF72A0950}.Release|Mixed Platforms.Build.0 = Release|Any CPU
		{292EF671-4063-4952-8DE0-423DF72A0950}.ReleaseDSProjection|.NET.ActiveCfg = Release|Any CPU
		{292EF671-4063-4952-8DE0-423DF72A0950}.ReleaseDSProjection|Any CPU.ActiveCfg = Release|Any CPU
		{292EF671-4063-4952-8DE0-423DF72A0950}.ReleaseDSProjection|Any CPU.Build.0 = Release|Any CPU
		{292EF671-4063-4952-8DE0-423DF72A0950}.ReleaseDSProjection|Mixed Platforms.ActiveCfg = ReleaseDSProjection|Any CPU
		{292EF671-4063-4952-8DE0-423DF72A0950}.ReleaseDSProjection|Mixed Platforms.Build.0 = ReleaseDSProjection|Any CPU
	EndGlobalSection
	GlobalSection(SolutionProperties) = preSolution
		HideSolutionNode = FALSE
	EndGlobalSection
	GlobalSection(NestedProjects) = preSolution
		{AFA0024B-50B7-4CA3-84DC-EC0CA7109492} = {3BB63704-345C-400C-9146-0AD46859D76D}
		{73A45373-6307-4D39-9FE9-E8803F95FAB6} = {480154D8-0960-416E-AE45-AF6B06794F77}
		{F81C1843-3B2A-4D72-81AA-A658DB11FA85} = {480154D8-0960-416E-AE45-AF6B06794F77}
		{A4184D38-C5A6-4E01-9D1C-8C63791AF825} = {480154D8-0960-416E-AE45-AF6B06794F77}
		{7EF67DF8-D868-4177-8817-4CC2E94ABD66} = {480154D8-0960-416E-AE45-AF6B06794F77}
		{32ECD993-CB5A-4AD9-8C8F-45C73A088C13} = {480154D8-0960-416E-AE45-AF6B06794F77}
		{BCA2C45D-4D40-444B-AE3E-687EB1EC497D} = {480154D8-0960-416E-AE45-AF6B06794F77}
		{6BCAB37B-F03A-4998-A6CB-EC8EDB4D203E} = {480154D8-0960-416E-AE45-AF6B06794F77}
	EndGlobalSection
EndGlobal
