
Microsoft Visual Studio Solution File, Format Version 12.00
# Visual Studio Version 16
VisualStudioVersion = 16.0.29503.13
MinimumVisualStudioVersion = 10.0.40219.1
Project("{2150E333-8FDC-42A3-9474-1A3956D46DE8}") = "Examples", "Examples", "{480154D8-0960-416E-AE45-AF6B06794F77}"
EndProject
Project("{2150E333-8FDC-42A3-9474-1A3956D46DE8}") = "Build", "Build", "{A5E400B4-8360-4259-BDDD-292A134D14CC}"
	ProjectSection(SolutionItems) = preProject
		.travis.yml = .travis.yml
		.github\workflows\dotnetcore.yml = .github\workflows\dotnetcore.yml
		SharedAssemblyVersion.cs = SharedAssemblyVersion.cs
		SharpMap.Common.props = SharpMap.Common.props
		SharpMap.targets = SharpMap.targets
	EndProjectSection
EndProject
Project("{2150E333-8FDC-42A3-9474-1A3956D46DE8}") = "Solution Items", "Solution Items", "{AEBB513B-1509-439F-BA86-FA9413BF8D8C}"
	ProjectSection(SolutionItems) = preProject
		README.md = README.md
		SharpMap.Logo.png = SharpMap.Logo.png
		SharpMap.sln.DotSettings = SharpMap.sln.DotSettings
	EndProjectSection
EndProject
Project("{9A19103F-16F7-4668-BE54-9A1E7A4F7556}") = "SharpMap", "SharpMap\SharpMap.csproj", "{C83777FC-AABB-47D9-911F-D76255D4D541}"
EndProject
Project("{9A19103F-16F7-4668-BE54-9A1E7A4F7556}") = "SharpMap.UI", "SharpMap.UI\SharpMap.UI.csproj", "{DD1CC1DB-4BF9-4C88-A100-733D84795F3A}"
EndProject
Project("{9A19103F-16F7-4668-BE54-9A1E7A4F7556}") = "UnitTests", "UnitTests\UnitTests.csproj", "{0C76DD99-AC5D-47C0-B76F-CE70092A9AC7}"
EndProject
Project("{FAE04EC0-301F-11D3-BF4B-00C04F79EFBC}") = "SharpMap.Extensions", "SharpMap.Extensions\SharpMap.Extensions.csproj", "{A4140C12-53F5-438C-8D24-9E48C504FECF}"
EndProject
Project("{9A19103F-16F7-4668-BE54-9A1E7A4F7556}") = "DemoWinForm", "Examples\DemoWinForm\DemoWinForm.csproj", "{73A45373-6307-4D39-9FE9-E8803F95FAB6}"
EndProject
Project("{9A19103F-16F7-4668-BE54-9A1E7A4F7556}") = "WinFormSamples", "Examples\WinFormSamples\WinFormSamples.csproj", "{F81C1843-3B2A-4D72-81AA-A658DB11FA85}"
EndProject
Project("{9A19103F-16F7-4668-BE54-9A1E7A4F7556}") = "ExampleCodeSnippets", "Examples\ExampleCodeSnippets\ExampleCodeSnippets.csproj", "{A4184D38-C5A6-4E01-9D1C-8C63791AF825}"
EndProject
Project("{FAE04EC0-301F-11D3-BF4B-00C04F79EFBC}") = "SharpMap.SqlServerSpatialObjects", "SharpMap.SqlServerSpatialObjects\SharpMap.SqlServerSpatialObjects.csproj", "{6D681045-8EF1-44EA-A19D-C7A63A6D0F76}"
EndProject
Project("{FAE04EC0-301F-11D3-BF4B-00C04F79EFBC}") = "SharpMap.Demo.Wms", "Examples\SharpMap.Demo.Wms\SharpMap.Demo.Wms.csproj", "{7EF67DF8-D868-4177-8817-4CC2E94ABD66}"
EndProject
Project("{9A19103F-16F7-4668-BE54-9A1E7A4F7556}") = "SharpMap.Serialization", "SharpMap.Serialization\SharpMap.Serialization.csproj", "{75E9B9FF-D04E-4F4F-8D06-8CD310F5F2DB}"
EndProject
Project("{9A19103F-16F7-4668-BE54-9A1E7A4F7556}") = "SharpMap.Web", "SharpMap.Web\SharpMap.Web.csproj", "{292EF671-4063-4952-8DE0-423DF72A0950}"
EndProject
Project("{9A19103F-16F7-4668-BE54-9A1E7A4F7556}") = "SharpMap.Layers.HeatLayer", "SharpMap.Layers.HeatLayer\SharpMap.Layers.HeatLayer.csproj", "{47F790C2-6DC0-4A09-9026-FC81A09FD6A3}"
EndProject
Project("{9A19103F-16F7-4668-BE54-9A1E7A4F7556}") = "SharpMap.Data.Providers.OracleSpatial", "SharpMap.Data.Providers.OracleSpatial\SharpMap.Data.Providers.OracleSpatial.csproj", "{9BBED556-40D8-4DDC-AC11-7B03300E2A2E}"
EndProject
Project("{9A19103F-16F7-4668-BE54-9A1E7A4F7556}") = "SharpMap.Data.Providers.Kml", "SharpMap.Data.Providers.Kml\SharpMap.Data.Providers.Kml.csproj", "{F9DA6934-413F-4744-84CE-923D901F60E6}"
EndProject
Project("{9A19103F-16F7-4668-BE54-9A1E7A4F7556}") = "SharpMap.UI.WPF", "SharpMap.UI.WPF\SharpMap.UI.WPF.csproj", "{6DDA47A4-CE0C-4880-82CE-6EF6FEEC4912}"
EndProject
Project("{9A19103F-16F7-4668-BE54-9A1E7A4F7556}") = "WPFSamples", "Examples\WPFSamples\WPFSamples.csproj", "{28AC314E-35C1-484B-9DD3-116BD8AFC4EA}"
EndProject
Project("{9A19103F-16F7-4668-BE54-9A1E7A4F7556}") = "SharpMap.Utilities.Indexing.SbnTree", "SharpMap.Utilities.Indexing.SbnTree\SharpMap.Utilities.Indexing.SbnTree.csproj", "{723F9FD5-8424-4EEE-BA92-57ECEE0F395D}"
EndProject
Project("{9A19103F-16F7-4668-BE54-9A1E7A4F7556}") = "SharpMap.Data.Providers.FileGdb", "SharpMap.Data.Providers.FileGdb\SharpMap.Data.Providers.FileGdb.csproj", "{42AD06D5-ACDF-4991-B052-232235F002BA}"
EndProject
Project("{9A19103F-16F7-4668-BE54-9A1E7A4F7556}") = "SharpMap.Data.Providers.GeoPackage", "SharpMap.Data.Providers.GeoPackage\SharpMap.Data.Providers.GeoPackage.csproj", "{AF0594AB-FC1D-47E4-8CDD-361CDC621A36}"
EndProject
Project("{778DAE3C-4631-46EA-AA77-85C1314464D9}") = "ExampleCodeSnipplets.VB", "Examples\ExampleCodeSnipplets.VB\ExampleCodeSnipplets.VB.vbproj", "{E9AC999C-5C90-4851-ABFE-8A9CA899FAEF}"
EndProject
Project("{9A19103F-16F7-4668-BE54-9A1E7A4F7556}") = "SharpMap.Converters.GeoJSON", "SharpMap.Converters.GeoJSON\SharpMap.Converters.GeoJSON.csproj", "{721412E1-5589-4A18-A095-F8E0427BB163}"
EndProject
Project("{9A19103F-16F7-4668-BE54-9A1E7A4F7556}") = "SharpMap.Converters.Spatialite", "SharpMap.Converters.Spatialite\SharpMap.Converters.Spatialite.csproj", "{E4182B07-6955-434B-904C-15ABEA5F7409}"
	ProjectSection(ProjectDependencies) = postProject
		{C83777FC-AABB-47D9-911F-D76255D4D541} = {C83777FC-AABB-47D9-911F-D76255D4D541}
	EndProjectSection
EndProject
Project("{9A19103F-16F7-4668-BE54-9A1E7A4F7556}") = "SharpMap.CoordinateSystems.DotSpatial", "SharpMap.CoordinateSystems.DotSpatial\SharpMap.CoordinateSystems.DotSpatial.csproj", "{A019B82E-3766-44A3-907A-0487FF9EBA49}"
	ProjectSection(ProjectDependencies) = postProject
		{C83777FC-AABB-47D9-911F-D76255D4D541} = {C83777FC-AABB-47D9-911F-D76255D4D541}
	EndProjectSection
EndProject
Project("{9A19103F-16F7-4668-BE54-9A1E7A4F7556}") = "SharpMap.Layers.BruTile", "SharpMap.Layers.BruTile\SharpMap.Layers.BruTile.csproj", "{D84F31ED-3D81-42F2-9190-3D021D6038A0}"
EndProject
Global
	GlobalSection(SolutionConfigurationPlatforms) = preSolution
		Debug|Any CPU = Debug|Any CPU
		DebugDotNet|Any CPU = DebugDotNet|Any CPU
		Release|Any CPU = Release|Any CPU
		ReleaseDotNet|Any CPU = ReleaseDotNet|Any CPU
		ReleaseLinux|Any CPU = ReleaseLinux|Any CPU
	EndGlobalSection
	GlobalSection(ProjectConfigurationPlatforms) = postSolution
		{C83777FC-AABB-47D9-911F-D76255D4D541}.Debug|Any CPU.ActiveCfg = Debug|Any CPU
		{C83777FC-AABB-47D9-911F-D76255D4D541}.Debug|Any CPU.Build.0 = Debug|Any CPU
		{C83777FC-AABB-47D9-911F-D76255D4D541}.DebugDotNet|Any CPU.ActiveCfg = Debug|Any CPU
		{C83777FC-AABB-47D9-911F-D76255D4D541}.DebugDotNet|Any CPU.Build.0 = Debug|Any CPU
		{C83777FC-AABB-47D9-911F-D76255D4D541}.Release|Any CPU.ActiveCfg = Release|Any CPU
		{C83777FC-AABB-47D9-911F-D76255D4D541}.Release|Any CPU.Build.0 = Release|Any CPU
		{C83777FC-AABB-47D9-911F-D76255D4D541}.ReleaseDotNet|Any CPU.ActiveCfg = Release|Any CPU
		{C83777FC-AABB-47D9-911F-D76255D4D541}.ReleaseDotNet|Any CPU.Build.0 = Release|Any CPU
		{C83777FC-AABB-47D9-911F-D76255D4D541}.ReleaseLinux|Any CPU.ActiveCfg = Release|Any CPU
		{C83777FC-AABB-47D9-911F-D76255D4D541}.ReleaseLinux|Any CPU.Build.0 = Release|Any CPU
		{DD1CC1DB-4BF9-4C88-A100-733D84795F3A}.Debug|Any CPU.ActiveCfg = Debug|Any CPU
		{DD1CC1DB-4BF9-4C88-A100-733D84795F3A}.Debug|Any CPU.Build.0 = Debug|Any CPU
		{DD1CC1DB-4BF9-4C88-A100-733D84795F3A}.DebugDotNet|Any CPU.ActiveCfg = Debug|Any CPU
		{DD1CC1DB-4BF9-4C88-A100-733D84795F3A}.DebugDotNet|Any CPU.Build.0 = Debug|Any CPU
		{DD1CC1DB-4BF9-4C88-A100-733D84795F3A}.Release|Any CPU.ActiveCfg = Release|Any CPU
		{DD1CC1DB-4BF9-4C88-A100-733D84795F3A}.Release|Any CPU.Build.0 = Release|Any CPU
		{DD1CC1DB-4BF9-4C88-A100-733D84795F3A}.ReleaseDotNet|Any CPU.ActiveCfg = Release|Any CPU
		{DD1CC1DB-4BF9-4C88-A100-733D84795F3A}.ReleaseDotNet|Any CPU.Build.0 = Release|Any CPU
		{DD1CC1DB-4BF9-4C88-A100-733D84795F3A}.ReleaseLinux|Any CPU.ActiveCfg = Release|Any CPU
		{0C76DD99-AC5D-47C0-B76F-CE70092A9AC7}.Debug|Any CPU.ActiveCfg = Debug|Any CPU
		{0C76DD99-AC5D-47C0-B76F-CE70092A9AC7}.Debug|Any CPU.Build.0 = Debug|Any CPU
		{0C76DD99-AC5D-47C0-B76F-CE70092A9AC7}.DebugDotNet|Any CPU.ActiveCfg = Debug|Any CPU
		{0C76DD99-AC5D-47C0-B76F-CE70092A9AC7}.DebugDotNet|Any CPU.Build.0 = Debug|Any CPU
		{0C76DD99-AC5D-47C0-B76F-CE70092A9AC7}.Release|Any CPU.ActiveCfg = Release|Any CPU
		{0C76DD99-AC5D-47C0-B76F-CE70092A9AC7}.Release|Any CPU.Build.0 = Release|Any CPU
		{0C76DD99-AC5D-47C0-B76F-CE70092A9AC7}.ReleaseDotNet|Any CPU.ActiveCfg = Release|Any CPU
		{0C76DD99-AC5D-47C0-B76F-CE70092A9AC7}.ReleaseDotNet|Any CPU.Build.0 = Release|Any CPU
		{0C76DD99-AC5D-47C0-B76F-CE70092A9AC7}.ReleaseLinux|Any CPU.ActiveCfg = ReleaseLinux|Any CPU
		{0C76DD99-AC5D-47C0-B76F-CE70092A9AC7}.ReleaseLinux|Any CPU.Build.0 = ReleaseLinux|Any CPU
		{A4140C12-53F5-438C-8D24-9E48C504FECF}.Debug|Any CPU.ActiveCfg = Debug|Any CPU
		{A4140C12-53F5-438C-8D24-9E48C504FECF}.Debug|Any CPU.Build.0 = Debug|Any CPU
		{A4140C12-53F5-438C-8D24-9E48C504FECF}.DebugDotNet|Any CPU.ActiveCfg = Debug|Any CPU
		{A4140C12-53F5-438C-8D24-9E48C504FECF}.DebugDotNet|Any CPU.Build.0 = Debug|Any CPU
		{A4140C12-53F5-438C-8D24-9E48C504FECF}.Release|Any CPU.ActiveCfg = Release|Any CPU
		{A4140C12-53F5-438C-8D24-9E48C504FECF}.Release|Any CPU.Build.0 = Release|Any CPU
		{A4140C12-53F5-438C-8D24-9E48C504FECF}.ReleaseDotNet|Any CPU.ActiveCfg = Release|Any CPU
		{A4140C12-53F5-438C-8D24-9E48C504FECF}.ReleaseDotNet|Any CPU.Build.0 = Release|Any CPU
		{A4140C12-53F5-438C-8D24-9E48C504FECF}.ReleaseLinux|Any CPU.ActiveCfg = ReleaseLinux|Any CPU
		{A4140C12-53F5-438C-8D24-9E48C504FECF}.ReleaseLinux|Any CPU.Build.0 = ReleaseLinux|Any CPU
		{73A45373-6307-4D39-9FE9-E8803F95FAB6}.Debug|Any CPU.ActiveCfg = Debug|Any CPU
		{73A45373-6307-4D39-9FE9-E8803F95FAB6}.Debug|Any CPU.Build.0 = Debug|Any CPU
		{73A45373-6307-4D39-9FE9-E8803F95FAB6}.DebugDotNet|Any CPU.ActiveCfg = Debug|Any CPU
		{73A45373-6307-4D39-9FE9-E8803F95FAB6}.Release|Any CPU.ActiveCfg = Release|Any CPU
		{73A45373-6307-4D39-9FE9-E8803F95FAB6}.Release|Any CPU.Build.0 = Release|Any CPU
		{73A45373-6307-4D39-9FE9-E8803F95FAB6}.ReleaseDotNet|Any CPU.ActiveCfg = Release|Any CPU
		{73A45373-6307-4D39-9FE9-E8803F95FAB6}.ReleaseLinux|Any CPU.ActiveCfg = Release|Any CPU
		{F81C1843-3B2A-4D72-81AA-A658DB11FA85}.Debug|Any CPU.ActiveCfg = Debug|Any CPU
		{F81C1843-3B2A-4D72-81AA-A658DB11FA85}.Debug|Any CPU.Build.0 = Debug|Any CPU
		{F81C1843-3B2A-4D72-81AA-A658DB11FA85}.DebugDotNet|Any CPU.ActiveCfg = Debug|Any CPU
		{F81C1843-3B2A-4D72-81AA-A658DB11FA85}.Release|Any CPU.ActiveCfg = Release|Any CPU
		{F81C1843-3B2A-4D72-81AA-A658DB11FA85}.Release|Any CPU.Build.0 = Release|Any CPU
		{F81C1843-3B2A-4D72-81AA-A658DB11FA85}.ReleaseDotNet|Any CPU.ActiveCfg = Release|Any CPU
		{F81C1843-3B2A-4D72-81AA-A658DB11FA85}.ReleaseLinux|Any CPU.ActiveCfg = Release|Any CPU
		{A4184D38-C5A6-4E01-9D1C-8C63791AF825}.Debug|Any CPU.ActiveCfg = Debug|Any CPU
		{A4184D38-C5A6-4E01-9D1C-8C63791AF825}.Debug|Any CPU.Build.0 = Debug|Any CPU
		{A4184D38-C5A6-4E01-9D1C-8C63791AF825}.DebugDotNet|Any CPU.ActiveCfg = Debug|Any CPU
		{A4184D38-C5A6-4E01-9D1C-8C63791AF825}.Release|Any CPU.ActiveCfg = Release|Any CPU
		{A4184D38-C5A6-4E01-9D1C-8C63791AF825}.Release|Any CPU.Build.0 = Release|Any CPU
		{A4184D38-C5A6-4E01-9D1C-8C63791AF825}.ReleaseDotNet|Any CPU.ActiveCfg = Release|Any CPU
		{A4184D38-C5A6-4E01-9D1C-8C63791AF825}.ReleaseDotNet|Any CPU.Build.0 = Release|Any CPU
		{A4184D38-C5A6-4E01-9D1C-8C63791AF825}.ReleaseLinux|Any CPU.ActiveCfg = Release|Any CPU
		{6D681045-8EF1-44EA-A19D-C7A63A6D0F76}.Debug|Any CPU.ActiveCfg = Debug|Any CPU
		{6D681045-8EF1-44EA-A19D-C7A63A6D0F76}.Debug|Any CPU.Build.0 = Debug|Any CPU
		{6D681045-8EF1-44EA-A19D-C7A63A6D0F76}.DebugDotNet|Any CPU.ActiveCfg = Debug|Any CPU
		{6D681045-8EF1-44EA-A19D-C7A63A6D0F76}.DebugDotNet|Any CPU.Build.0 = Debug|Any CPU
		{6D681045-8EF1-44EA-A19D-C7A63A6D0F76}.Release|Any CPU.ActiveCfg = Release|Any CPU
		{6D681045-8EF1-44EA-A19D-C7A63A6D0F76}.Release|Any CPU.Build.0 = Release|Any CPU
		{6D681045-8EF1-44EA-A19D-C7A63A6D0F76}.ReleaseDotNet|Any CPU.ActiveCfg = Release|Any CPU
		{6D681045-8EF1-44EA-A19D-C7A63A6D0F76}.ReleaseDotNet|Any CPU.Build.0 = Release|Any CPU
		{6D681045-8EF1-44EA-A19D-C7A63A6D0F76}.ReleaseLinux|Any CPU.ActiveCfg = Release|Any CPU
		{7EF67DF8-D868-4177-8817-4CC2E94ABD66}.Debug|Any CPU.ActiveCfg = Debug|Any CPU
		{7EF67DF8-D868-4177-8817-4CC2E94ABD66}.Debug|Any CPU.Build.0 = Debug|Any CPU
		{7EF67DF8-D868-4177-8817-4CC2E94ABD66}.DebugDotNet|Any CPU.ActiveCfg = Debug|Any CPU
		{7EF67DF8-D868-4177-8817-4CC2E94ABD66}.Release|Any CPU.ActiveCfg = Release|Any CPU
		{7EF67DF8-D868-4177-8817-4CC2E94ABD66}.Release|Any CPU.Build.0 = Release|Any CPU
		{7EF67DF8-D868-4177-8817-4CC2E94ABD66}.ReleaseDotNet|Any CPU.ActiveCfg = Release|Any CPU
		{7EF67DF8-D868-4177-8817-4CC2E94ABD66}.ReleaseLinux|Any CPU.ActiveCfg = Release|Any CPU
		{75E9B9FF-D04E-4F4F-8D06-8CD310F5F2DB}.Debug|Any CPU.ActiveCfg = Debug|Any CPU
		{75E9B9FF-D04E-4F4F-8D06-8CD310F5F2DB}.Debug|Any CPU.Build.0 = Debug|Any CPU
		{75E9B9FF-D04E-4F4F-8D06-8CD310F5F2DB}.DebugDotNet|Any CPU.ActiveCfg = Debug|Any CPU
		{75E9B9FF-D04E-4F4F-8D06-8CD310F5F2DB}.DebugDotNet|Any CPU.Build.0 = Debug|Any CPU
		{75E9B9FF-D04E-4F4F-8D06-8CD310F5F2DB}.Release|Any CPU.ActiveCfg = Release|Any CPU
		{75E9B9FF-D04E-4F4F-8D06-8CD310F5F2DB}.Release|Any CPU.Build.0 = Release|Any CPU
		{75E9B9FF-D04E-4F4F-8D06-8CD310F5F2DB}.ReleaseDotNet|Any CPU.ActiveCfg = Release|Any CPU
		{75E9B9FF-D04E-4F4F-8D06-8CD310F5F2DB}.ReleaseDotNet|Any CPU.Build.0 = Release|Any CPU
		{75E9B9FF-D04E-4F4F-8D06-8CD310F5F2DB}.ReleaseLinux|Any CPU.ActiveCfg = Release|Any CPU
		{75E9B9FF-D04E-4F4F-8D06-8CD310F5F2DB}.ReleaseLinux|Any CPU.Build.0 = Release|Any CPU
		{292EF671-4063-4952-8DE0-423DF72A0950}.Debug|Any CPU.ActiveCfg = Debug|Any CPU
		{292EF671-4063-4952-8DE0-423DF72A0950}.Debug|Any CPU.Build.0 = Debug|Any CPU
		{292EF671-4063-4952-8DE0-423DF72A0950}.DebugDotNet|Any CPU.ActiveCfg = Debug|Any CPU
		{292EF671-4063-4952-8DE0-423DF72A0950}.DebugDotNet|Any CPU.Build.0 = Debug|Any CPU
		{292EF671-4063-4952-8DE0-423DF72A0950}.Release|Any CPU.ActiveCfg = Release|Any CPU
		{292EF671-4063-4952-8DE0-423DF72A0950}.Release|Any CPU.Build.0 = Release|Any CPU
		{292EF671-4063-4952-8DE0-423DF72A0950}.ReleaseDotNet|Any CPU.ActiveCfg = Release|Any CPU
		{292EF671-4063-4952-8DE0-423DF72A0950}.ReleaseDotNet|Any CPU.Build.0 = Release|Any CPU
		{292EF671-4063-4952-8DE0-423DF72A0950}.ReleaseLinux|Any CPU.ActiveCfg = Release|Any CPU
		{292EF671-4063-4952-8DE0-423DF72A0950}.ReleaseLinux|Any CPU.Build.0 = Release|Any CPU
		{47F790C2-6DC0-4A09-9026-FC81A09FD6A3}.Debug|Any CPU.ActiveCfg = Debug|Any CPU
		{47F790C2-6DC0-4A09-9026-FC81A09FD6A3}.Debug|Any CPU.Build.0 = Debug|Any CPU
		{47F790C2-6DC0-4A09-9026-FC81A09FD6A3}.DebugDotNet|Any CPU.ActiveCfg = Debug|Any CPU
		{47F790C2-6DC0-4A09-9026-FC81A09FD6A3}.DebugDotNet|Any CPU.Build.0 = Debug|Any CPU
		{47F790C2-6DC0-4A09-9026-FC81A09FD6A3}.Release|Any CPU.ActiveCfg = Release|Any CPU
		{47F790C2-6DC0-4A09-9026-FC81A09FD6A3}.Release|Any CPU.Build.0 = Release|Any CPU
		{47F790C2-6DC0-4A09-9026-FC81A09FD6A3}.ReleaseDotNet|Any CPU.ActiveCfg = Release|Any CPU
		{47F790C2-6DC0-4A09-9026-FC81A09FD6A3}.ReleaseDotNet|Any CPU.Build.0 = Release|Any CPU
		{47F790C2-6DC0-4A09-9026-FC81A09FD6A3}.ReleaseLinux|Any CPU.ActiveCfg = Release|Any CPU
		{47F790C2-6DC0-4A09-9026-FC81A09FD6A3}.ReleaseLinux|Any CPU.Build.0 = Release|Any CPU
		{9BBED556-40D8-4DDC-AC11-7B03300E2A2E}.Debug|Any CPU.ActiveCfg = Debug|Any CPU
		{9BBED556-40D8-4DDC-AC11-7B03300E2A2E}.Debug|Any CPU.Build.0 = Debug|Any CPU
		{9BBED556-40D8-4DDC-AC11-7B03300E2A2E}.DebugDotNet|Any CPU.ActiveCfg = Debug|Any CPU
		{9BBED556-40D8-4DDC-AC11-7B03300E2A2E}.DebugDotNet|Any CPU.Build.0 = Debug|Any CPU
		{9BBED556-40D8-4DDC-AC11-7B03300E2A2E}.Release|Any CPU.ActiveCfg = Release|Any CPU
		{9BBED556-40D8-4DDC-AC11-7B03300E2A2E}.Release|Any CPU.Build.0 = Release|Any CPU
		{9BBED556-40D8-4DDC-AC11-7B03300E2A2E}.ReleaseDotNet|Any CPU.ActiveCfg = Release|Any CPU
		{9BBED556-40D8-4DDC-AC11-7B03300E2A2E}.ReleaseDotNet|Any CPU.Build.0 = Release|Any CPU
		{9BBED556-40D8-4DDC-AC11-7B03300E2A2E}.ReleaseLinux|Any CPU.ActiveCfg = Release|Any CPU
		{F9DA6934-413F-4744-84CE-923D901F60E6}.Debug|Any CPU.ActiveCfg = Debug|Any CPU
		{F9DA6934-413F-4744-84CE-923D901F60E6}.Debug|Any CPU.Build.0 = Debug|Any CPU
		{F9DA6934-413F-4744-84CE-923D901F60E6}.DebugDotNet|Any CPU.ActiveCfg = Debug|Any CPU
		{F9DA6934-413F-4744-84CE-923D901F60E6}.DebugDotNet|Any CPU.Build.0 = Debug|Any CPU
		{F9DA6934-413F-4744-84CE-923D901F60E6}.Release|Any CPU.ActiveCfg = Release|Any CPU
		{F9DA6934-413F-4744-84CE-923D901F60E6}.Release|Any CPU.Build.0 = Release|Any CPU
		{F9DA6934-413F-4744-84CE-923D901F60E6}.ReleaseDotNet|Any CPU.ActiveCfg = Release|Any CPU
		{F9DA6934-413F-4744-84CE-923D901F60E6}.ReleaseDotNet|Any CPU.Build.0 = Release|Any CPU
		{F9DA6934-413F-4744-84CE-923D901F60E6}.ReleaseLinux|Any CPU.ActiveCfg = Release|Any CPU
		{F9DA6934-413F-4744-84CE-923D901F60E6}.ReleaseLinux|Any CPU.Build.0 = Release|Any CPU
		{6DDA47A4-CE0C-4880-82CE-6EF6FEEC4912}.Debug|Any CPU.ActiveCfg = Debug|Any CPU
		{6DDA47A4-CE0C-4880-82CE-6EF6FEEC4912}.Debug|Any CPU.Build.0 = Debug|Any CPU
		{6DDA47A4-CE0C-4880-82CE-6EF6FEEC4912}.DebugDotNet|Any CPU.ActiveCfg = Debug|Any CPU
		{6DDA47A4-CE0C-4880-82CE-6EF6FEEC4912}.DebugDotNet|Any CPU.Build.0 = Debug|Any CPU
		{6DDA47A4-CE0C-4880-82CE-6EF6FEEC4912}.Release|Any CPU.ActiveCfg = Release|Any CPU
		{6DDA47A4-CE0C-4880-82CE-6EF6FEEC4912}.Release|Any CPU.Build.0 = Release|Any CPU
		{6DDA47A4-CE0C-4880-82CE-6EF6FEEC4912}.ReleaseDotNet|Any CPU.ActiveCfg = Release|Any CPU
		{6DDA47A4-CE0C-4880-82CE-6EF6FEEC4912}.ReleaseDotNet|Any CPU.Build.0 = Release|Any CPU
		{6DDA47A4-CE0C-4880-82CE-6EF6FEEC4912}.ReleaseLinux|Any CPU.ActiveCfg = Release|Any CPU
		{28AC314E-35C1-484B-9DD3-116BD8AFC4EA}.Debug|Any CPU.ActiveCfg = Debug|Any CPU
		{28AC314E-35C1-484B-9DD3-116BD8AFC4EA}.Debug|Any CPU.Build.0 = Debug|Any CPU
		{28AC314E-35C1-484B-9DD3-116BD8AFC4EA}.DebugDotNet|Any CPU.ActiveCfg = Debug|Any CPU
		{28AC314E-35C1-484B-9DD3-116BD8AFC4EA}.Release|Any CPU.ActiveCfg = Release|Any CPU
		{28AC314E-35C1-484B-9DD3-116BD8AFC4EA}.Release|Any CPU.Build.0 = Release|Any CPU
		{28AC314E-35C1-484B-9DD3-116BD8AFC4EA}.ReleaseDotNet|Any CPU.ActiveCfg = Release|Any CPU
		{28AC314E-35C1-484B-9DD3-116BD8AFC4EA}.ReleaseLinux|Any CPU.ActiveCfg = Release|Any CPU
		{723F9FD5-8424-4EEE-BA92-57ECEE0F395D}.Debug|Any CPU.ActiveCfg = Debug|Any CPU
		{723F9FD5-8424-4EEE-BA92-57ECEE0F395D}.Debug|Any CPU.Build.0 = Debug|Any CPU
		{723F9FD5-8424-4EEE-BA92-57ECEE0F395D}.DebugDotNet|Any CPU.ActiveCfg = Debug|Any CPU
		{723F9FD5-8424-4EEE-BA92-57ECEE0F395D}.DebugDotNet|Any CPU.Build.0 = Debug|Any CPU
		{723F9FD5-8424-4EEE-BA92-57ECEE0F395D}.Release|Any CPU.ActiveCfg = Release|Any CPU
		{723F9FD5-8424-4EEE-BA92-57ECEE0F395D}.Release|Any CPU.Build.0 = Release|Any CPU
		{723F9FD5-8424-4EEE-BA92-57ECEE0F395D}.ReleaseDotNet|Any CPU.ActiveCfg = Release|Any CPU
		{723F9FD5-8424-4EEE-BA92-57ECEE0F395D}.ReleaseDotNet|Any CPU.Build.0 = Release|Any CPU
		{723F9FD5-8424-4EEE-BA92-57ECEE0F395D}.ReleaseLinux|Any CPU.ActiveCfg = Release|Any CPU
		{723F9FD5-8424-4EEE-BA92-57ECEE0F395D}.ReleaseLinux|Any CPU.Build.0 = Release|Any CPU
		{42AD06D5-ACDF-4991-B052-232235F002BA}.Debug|Any CPU.ActiveCfg = Debug|Any CPU
		{42AD06D5-ACDF-4991-B052-232235F002BA}.Debug|Any CPU.Build.0 = Debug|Any CPU
		{42AD06D5-ACDF-4991-B052-232235F002BA}.DebugDotNet|Any CPU.ActiveCfg = Debug|Any CPU
		{42AD06D5-ACDF-4991-B052-232235F002BA}.DebugDotNet|Any CPU.Build.0 = Debug|Any CPU
		{42AD06D5-ACDF-4991-B052-232235F002BA}.Release|Any CPU.ActiveCfg = Release|Any CPU
		{42AD06D5-ACDF-4991-B052-232235F002BA}.Release|Any CPU.Build.0 = Release|Any CPU
		{42AD06D5-ACDF-4991-B052-232235F002BA}.ReleaseDotNet|Any CPU.ActiveCfg = Release|Any CPU
		{42AD06D5-ACDF-4991-B052-232235F002BA}.ReleaseDotNet|Any CPU.Build.0 = Release|Any CPU
		{42AD06D5-ACDF-4991-B052-232235F002BA}.ReleaseLinux|Any CPU.ActiveCfg = Release|Any CPU
		{AF0594AB-FC1D-47E4-8CDD-361CDC621A36}.Debug|Any CPU.ActiveCfg = Debug|Any CPU
		{AF0594AB-FC1D-47E4-8CDD-361CDC621A36}.Debug|Any CPU.Build.0 = Debug|Any CPU
		{AF0594AB-FC1D-47E4-8CDD-361CDC621A36}.DebugDotNet|Any CPU.ActiveCfg = Debug|Any CPU
		{AF0594AB-FC1D-47E4-8CDD-361CDC621A36}.DebugDotNet|Any CPU.Build.0 = Debug|Any CPU
		{AF0594AB-FC1D-47E4-8CDD-361CDC621A36}.Release|Any CPU.ActiveCfg = Release|Any CPU
		{AF0594AB-FC1D-47E4-8CDD-361CDC621A36}.Release|Any CPU.Build.0 = Release|Any CPU
		{AF0594AB-FC1D-47E4-8CDD-361CDC621A36}.ReleaseDotNet|Any CPU.ActiveCfg = Release|Any CPU
		{AF0594AB-FC1D-47E4-8CDD-361CDC621A36}.ReleaseDotNet|Any CPU.Build.0 = Release|Any CPU
		{AF0594AB-FC1D-47E4-8CDD-361CDC621A36}.ReleaseLinux|Any CPU.ActiveCfg = Release|Any CPU
		{AF0594AB-FC1D-47E4-8CDD-361CDC621A36}.ReleaseLinux|Any CPU.Build.0 = Release|Any CPU
		{E9AC999C-5C90-4851-ABFE-8A9CA899FAEF}.Debug|Any CPU.ActiveCfg = Debug|Any CPU
		{E9AC999C-5C90-4851-ABFE-8A9CA899FAEF}.Debug|Any CPU.Build.0 = Debug|Any CPU
		{E9AC999C-5C90-4851-ABFE-8A9CA899FAEF}.DebugDotNet|Any CPU.ActiveCfg = Debug|Any CPU
		{E9AC999C-5C90-4851-ABFE-8A9CA899FAEF}.Release|Any CPU.ActiveCfg = Release|Any CPU
		{E9AC999C-5C90-4851-ABFE-8A9CA899FAEF}.Release|Any CPU.Build.0 = Release|Any CPU
		{E9AC999C-5C90-4851-ABFE-8A9CA899FAEF}.ReleaseDotNet|Any CPU.ActiveCfg = Release|Any CPU
		{E9AC999C-5C90-4851-ABFE-8A9CA899FAEF}.ReleaseLinux|Any CPU.ActiveCfg = Release|Any CPU
		{721412E1-5589-4A18-A095-F8E0427BB163}.Debug|Any CPU.ActiveCfg = Debug|Any CPU
		{721412E1-5589-4A18-A095-F8E0427BB163}.Debug|Any CPU.Build.0 = Debug|Any CPU
		{721412E1-5589-4A18-A095-F8E0427BB163}.DebugDotNet|Any CPU.ActiveCfg = Debug|Any CPU
		{721412E1-5589-4A18-A095-F8E0427BB163}.DebugDotNet|Any CPU.Build.0 = Debug|Any CPU
		{721412E1-5589-4A18-A095-F8E0427BB163}.Release|Any CPU.ActiveCfg = Release|Any CPU
		{721412E1-5589-4A18-A095-F8E0427BB163}.Release|Any CPU.Build.0 = Release|Any CPU
		{721412E1-5589-4A18-A095-F8E0427BB163}.ReleaseDotNet|Any CPU.ActiveCfg = Release|Any CPU
		{721412E1-5589-4A18-A095-F8E0427BB163}.ReleaseDotNet|Any CPU.Build.0 = Release|Any CPU
		{721412E1-5589-4A18-A095-F8E0427BB163}.ReleaseLinux|Any CPU.ActiveCfg = Release|Any CPU
		{721412E1-5589-4A18-A095-F8E0427BB163}.ReleaseLinux|Any CPU.Build.0 = Release|Any CPU
		{E4182B07-6955-434B-904C-15ABEA5F7409}.Debug|Any CPU.ActiveCfg = Debug|Any CPU
		{E4182B07-6955-434B-904C-15ABEA5F7409}.Debug|Any CPU.Build.0 = Debug|Any CPU
		{E4182B07-6955-434B-904C-15ABEA5F7409}.DebugDotNet|Any CPU.ActiveCfg = Debug|Any CPU
		{E4182B07-6955-434B-904C-15ABEA5F7409}.DebugDotNet|Any CPU.Build.0 = Debug|Any CPU
		{E4182B07-6955-434B-904C-15ABEA5F7409}.Release|Any CPU.ActiveCfg = Release|Any CPU
		{E4182B07-6955-434B-904C-15ABEA5F7409}.Release|Any CPU.Build.0 = Release|Any CPU
		{E4182B07-6955-434B-904C-15ABEA5F7409}.ReleaseDotNet|Any CPU.ActiveCfg = Release|Any CPU
		{E4182B07-6955-434B-904C-15ABEA5F7409}.ReleaseDotNet|Any CPU.Build.0 = Release|Any CPU
		{E4182B07-6955-434B-904C-15ABEA5F7409}.ReleaseLinux|Any CPU.ActiveCfg = Release|Any CPU
		{E4182B07-6955-434B-904C-15ABEA5F7409}.ReleaseLinux|Any CPU.Build.0 = Release|Any CPU
		{A019B82E-3766-44A3-907A-0487FF9EBA49}.Debug|Any CPU.ActiveCfg = Debug|Any CPU
		{A019B82E-3766-44A3-907A-0487FF9EBA49}.Debug|Any CPU.Build.0 = Debug|Any CPU
		{A019B82E-3766-44A3-907A-0487FF9EBA49}.DebugDotNet|Any CPU.ActiveCfg = Debug|Any CPU
		{A019B82E-3766-44A3-907A-0487FF9EBA49}.DebugDotNet|Any CPU.Build.0 = Debug|Any CPU
		{A019B82E-3766-44A3-907A-0487FF9EBA49}.Release|Any CPU.ActiveCfg = Release|Any CPU
		{A019B82E-3766-44A3-907A-0487FF9EBA49}.Release|Any CPU.Build.0 = Release|Any CPU
		{A019B82E-3766-44A3-907A-0487FF9EBA49}.ReleaseDotNet|Any CPU.ActiveCfg = Release|Any CPU
		{A019B82E-3766-44A3-907A-0487FF9EBA49}.ReleaseDotNet|Any CPU.Build.0 = Release|Any CPU
		{A019B82E-3766-44A3-907A-0487FF9EBA49}.ReleaseLinux|Any CPU.ActiveCfg = Release|Any CPU
		{A019B82E-3766-44A3-907A-0487FF9EBA49}.ReleaseLinux|Any CPU.Build.0 = Release|Any CPU
		{D84F31ED-3D81-42F2-9190-3D021D6038A0}.Debug|Any CPU.ActiveCfg = Debug|Any CPU
		{D84F31ED-3D81-42F2-9190-3D021D6038A0}.Debug|Any CPU.Build.0 = Debug|Any CPU
		{D84F31ED-3D81-42F2-9190-3D021D6038A0}.DebugDotNet|Any CPU.ActiveCfg = Debug|Any CPU
		{D84F31ED-3D81-42F2-9190-3D021D6038A0}.DebugDotNet|Any CPU.Build.0 = Debug|Any CPU
		{D84F31ED-3D81-42F2-9190-3D021D6038A0}.Release|Any CPU.ActiveCfg = Release|Any CPU
		{D84F31ED-3D81-42F2-9190-3D021D6038A0}.Release|Any CPU.Build.0 = Release|Any CPU
		{D84F31ED-3D81-42F2-9190-3D021D6038A0}.ReleaseDotNet|Any CPU.ActiveCfg = Release|Any CPU
		{D84F31ED-3D81-42F2-9190-3D021D6038A0}.ReleaseDotNet|Any CPU.Build.0 = Release|Any CPU
		{D84F31ED-3D81-42F2-9190-3D021D6038A0}.ReleaseLinux|Any CPU.ActiveCfg = Release|Any CPU
		{D84F31ED-3D81-42F2-9190-3D021D6038A0}.ReleaseLinux|Any CPU.Build.0 = Release|Any CPU
	EndGlobalSection
	GlobalSection(SolutionProperties) = preSolution
		HideSolutionNode = FALSE
	EndGlobalSection
	GlobalSection(NestedProjects) = preSolution
		{73A45373-6307-4D39-9FE9-E8803F95FAB6} = {480154D8-0960-416E-AE45-AF6B06794F77}
		{F81C1843-3B2A-4D72-81AA-A658DB11FA85} = {480154D8-0960-416E-AE45-AF6B06794F77}
		{A4184D38-C5A6-4E01-9D1C-8C63791AF825} = {480154D8-0960-416E-AE45-AF6B06794F77}
		{7EF67DF8-D868-4177-8817-4CC2E94ABD66} = {480154D8-0960-416E-AE45-AF6B06794F77}
		{28AC314E-35C1-484B-9DD3-116BD8AFC4EA} = {480154D8-0960-416E-AE45-AF6B06794F77}
		{E9AC999C-5C90-4851-ABFE-8A9CA899FAEF} = {480154D8-0960-416E-AE45-AF6B06794F77}
	EndGlobalSection
	GlobalSection(ExtensibilityGlobals) = postSolution
		SolutionGuid = {E37B5837-0C9C-4732-ABE4-50B623CDA3D8}
	EndGlobalSection
EndGlobal
