
Microsoft Visual Studio Solution File, Format Version 11.00
# Visual Studio 2010
Project("{2150E333-8FDC-42A3-9474-1A3956D46DE8}") = "Solution Items", "Solution Items", "{1EDFEF14-016A-4660-9C65-2F933B6D61F9}"
EndProject
Project("{2150E333-8FDC-42A3-9474-1A3956D46DE8}") = "ExternalReferences", "ExternalReferences", "{3BB63704-345C-400C-9146-0AD46859D76D}"
	ProjectSection(SolutionItems) = preProject
		ExternalReferences\BruTile.dll = ExternalReferences\BruTile.dll
		ExternalReferences\NetTopologySuite.dll = ExternalReferences\NetTopologySuite.dll
		ExternalReferences\nunit.framework.dll = ExternalReferences\nunit.framework.dll
		ExternalReferences\nunit.framework.xml = ExternalReferences\nunit.framework.xml
		ExternalReferences\ProjNET.dll = ExternalReferences\ProjNET.dll
		ExternalReferences\ProjNET.XML = ExternalReferences\ProjNET.XML
	EndProjectSection
EndProject
Project("{2150E333-8FDC-42A3-9474-1A3956D46DE8}") = "References4SharpMap.Extensions", "References4SharpMap.Extensions", "{AFA0024B-50B7-4CA3-84DC-EC0CA7109492}"
	ProjectSection(SolutionItems) = preProject
		ExternalReferences\References4SharpMap.Extensions\gdal_csharp.dll = ExternalReferences\References4SharpMap.Extensions\gdal_csharp.dll
		ExternalReferences\References4SharpMap.Extensions\GeoAPI.dll = ExternalReferences\References4SharpMap.Extensions\GeoAPI.dll
		ExternalReferences\References4SharpMap.Extensions\Mono.Security.dll = ExternalReferences\References4SharpMap.Extensions\Mono.Security.dll
		ExternalReferences\References4SharpMap.Extensions\Npgsql.dll = ExternalReferences\References4SharpMap.Extensions\Npgsql.dll
		ExternalReferences\References4SharpMap.Extensions\Npgsql.xml = ExternalReferences\References4SharpMap.Extensions\Npgsql.xml
		ExternalReferences\References4SharpMap.Extensions\ogr_csharp.dll = ExternalReferences\References4SharpMap.Extensions\ogr_csharp.dll
		ExternalReferences\References4SharpMap.Extensions\Oracle.DataAccess.dll = ExternalReferences\References4SharpMap.Extensions\Oracle.DataAccess.dll
		ExternalReferences\References4SharpMap.Extensions\OraOps10w.dll = ExternalReferences\References4SharpMap.Extensions\OraOps10w.dll
		ExternalReferences\References4SharpMap.Extensions\osr_csharp.dll = ExternalReferences\References4SharpMap.Extensions\osr_csharp.dll
		ExternalReferences\References4SharpMap.Extensions\PostgreSql.Data.PostgreSqlClient.dll = ExternalReferences\References4SharpMap.Extensions\PostgreSql.Data.PostgreSqlClient.dll
		ExternalReferences\References4SharpMap.Extensions\System.Data.SQLite.DLL = ExternalReferences\References4SharpMap.Extensions\System.Data.SQLite.DLL
		ExternalReferences\References4SharpMap.Extensions\System.Data.SQLite.XML = ExternalReferences\References4SharpMap.Extensions\System.Data.SQLite.XML
	EndProjectSection
EndProject
Project("{2150E333-8FDC-42A3-9474-1A3956D46DE8}") = "MsSqlSpatialDemoDb", "MsSqlSpatialDemoDb", "{3BDECA7F-3A75-41BF-9753-D4AAC02DFE36}"
	ProjectSection(SolutionItems) = preProject
		ReadMe.txt = ReadMe.txt
		MsSqlSpatialDemoDb\SharpMapMsSqlSpatialDemoDb.bak = MsSqlSpatialDemoDb\SharpMapMsSqlSpatialDemoDb.bak
	EndProjectSection
EndProject
Project("{2150E333-8FDC-42A3-9474-1A3956D46DE8}") = "PostGisDb", "PostGisDb", "{826696BD-A157-45A5-A196-6652FE469D94}"
	ProjectSection(SolutionItems) = preProject
		PostgisDemoDb\postgisdemodb.backup = PostgisDemoDb\postgisdemodb.backup
		PostgisDemoDb\ReadMe.txt = PostgisDemoDb\ReadMe.txt
	EndProjectSection
EndProject
Project("{FAE04EC0-301F-11D3-BF4B-00C04F79EFBC}") = "SharpMap.VS2010", "SharpMap\SharpMap.VS2010.csproj", "{C83777FC-AABB-47D9-911F-D76255D4D541}"
EndProject
Project("{FAE04EC0-301F-11D3-BF4B-00C04F79EFBC}") = "SharpMap.UI.VS2010", "SharpMap.UI\SharpMap.UI.VS2010.csproj", "{DD1CC1DB-4BF9-4C88-A100-733D84795F3A}"
EndProject
Project("{FAE04EC0-301F-11D3-BF4B-00C04F79EFBC}") = "UnitTests.VS2010", "UnitTests\UnitTests.VS2010.csproj", "{0C76DD99-AC5D-47C0-B76F-CE70092A9AC7}"
EndProject
Project("{E24C65DC-7377-472B-9ABA-BC803B73C61A}") = "DemoWebSite", "DemoWebSite\", "{32ECD993-CB5A-4AD9-8C8F-45C73A088C13}"
	ProjectSection(WebsiteProperties) = preProject
		SccProjectName = ""
		SccAuxPath = ""
		SccLocalPath = ""
		SccProvider = ""
		TargetFrameworkMoniker = ".NETFramework,Version%3Dv4.0"
		ProjectReferences = "{C83777FC-AABB-47D9-911F-D76255D4D541}|SharpMap.dll;{DD1CC1DB-4BF9-4C88-A100-733D84795F3A}|SharpMap.UI.dll;{A4140C12-53F5-438C-8D24-9E48C504FECF}|SharpMap.Extensions.dll;"
		Debug.AspNetCompiler.VirtualPath = "/DemoWebSite"
		Debug.AspNetCompiler.PhysicalPath = "DemoWebSite\"
		Debug.AspNetCompiler.TargetPath = "PrecompiledWeb\DemoWebSite\"
		Debug.AspNetCompiler.Updateable = "true"
		Debug.AspNetCompiler.ForceOverwrite = "true"
		Debug.AspNetCompiler.FixedNames = "false"
		Debug.AspNetCompiler.Debug = "True"
		Release.AspNetCompiler.VirtualPath = "/DemoWebSite"
		Release.AspNetCompiler.PhysicalPath = "DemoWebSite\"
		Release.AspNetCompiler.TargetPath = "PrecompiledWeb\DemoWebSite\"
		Release.AspNetCompiler.Updateable = "true"
		Release.AspNetCompiler.ForceOverwrite = "true"
		Release.AspNetCompiler.FixedNames = "false"
		Release.AspNetCompiler.Debug = "False"
		VWDPort = "3046"
		StartServerOnDebug = "true"
	EndProjectSection
EndProject
Project("{FAE04EC0-301F-11D3-BF4B-00C04F79EFBC}") = "SharpMap.Extensions.VS2010", "SharpMap.Extensions\SharpMap.Extensions.VS2010.csproj", "{A4140C12-53F5-438C-8D24-9E48C504FECF}"
EndProject
Project("{FAE04EC0-301F-11D3-BF4B-00C04F79EFBC}") = "DemoWinForm.VS2010", "DemoWinForm\DemoWinForm.VS2010.csproj", "{73A45373-6307-4D39-9FE9-E8803F95FAB6}"
EndProject
Project("{FAE04EC0-301F-11D3-BF4B-00C04F79EFBC}") = "WinFormSamples.VS2010", "WinFormSamples\WinFormSamples.VS2010.csproj", "{F81C1843-3B2A-4D72-81AA-A658DB11FA85}"
EndProject
Project("{FAE04EC0-301F-11D3-BF4B-00C04F79EFBC}") = "ExampleCodeSnippets.VS2010", "ExampleCodeSnippets\ExampleCodeSnippets.VS2010.csproj", "{A4184D38-C5A6-4E01-9D1C-8C63791AF825}"
EndProject
Project("{FAE04EC0-301F-11D3-BF4B-00C04F79EFBC}") = "SharpMap.SqlServerSpatialObjects.VS2010", "SharpMap.SqlServerSpatialObjects\SharpMap.SqlServerSpatialObjects.VS2010.csproj", "{6D681045-8EF1-44EA-A19D-C7A63A6D0F76}"
EndProject
Global
	GlobalSection(SolutionConfigurationPlatforms) = preSolution
		Debug|.NET = Debug|.NET
		Debug|Any CPU = Debug|Any CPU
		Debug|Mixed Platforms = Debug|Mixed Platforms
		Release|.NET = Release|.NET
		Release|Any CPU = Release|Any CPU
		Release|Mixed Platforms = Release|Mixed Platforms
	EndGlobalSection
	GlobalSection(ProjectConfigurationPlatforms) = postSolution
		{C83777FC-AABB-47D9-911F-D76255D4D541}.Debug|.NET.ActiveCfg = Debug|Any CPU
		{C83777FC-AABB-47D9-911F-D76255D4D541}.Debug|.NET.Build.0 = Debug|Any CPU
		{C83777FC-AABB-47D9-911F-D76255D4D541}.Debug|Any CPU.ActiveCfg = Debug|Any CPU
		{C83777FC-AABB-47D9-911F-D76255D4D541}.Debug|Any CPU.Build.0 = Debug|Any CPU
		{C83777FC-AABB-47D9-911F-D76255D4D541}.Debug|Mixed Platforms.ActiveCfg = Debug|Any CPU
		{C83777FC-AABB-47D9-911F-D76255D4D541}.Debug|Mixed Platforms.Build.0 = Debug|Any CPU
		{C83777FC-AABB-47D9-911F-D76255D4D541}.Release|.NET.ActiveCfg = Release|Any CPU
		{C83777FC-AABB-47D9-911F-D76255D4D541}.Release|Any CPU.ActiveCfg = Release|Any CPU
		{C83777FC-AABB-47D9-911F-D76255D4D541}.Release|Any CPU.Build.0 = Release|Any CPU
		{C83777FC-AABB-47D9-911F-D76255D4D541}.Release|Mixed Platforms.ActiveCfg = Release|Any CPU
		{C83777FC-AABB-47D9-911F-D76255D4D541}.Release|Mixed Platforms.Build.0 = Release|Any CPU
		{DD1CC1DB-4BF9-4C88-A100-733D84795F3A}.Debug|.NET.ActiveCfg = Debug|Any CPU
		{DD1CC1DB-4BF9-4C88-A100-733D84795F3A}.Debug|.NET.Build.0 = Debug|Any CPU
		{DD1CC1DB-4BF9-4C88-A100-733D84795F3A}.Debug|Any CPU.ActiveCfg = Debug|Any CPU
		{DD1CC1DB-4BF9-4C88-A100-733D84795F3A}.Debug|Any CPU.Build.0 = Debug|Any CPU
		{DD1CC1DB-4BF9-4C88-A100-733D84795F3A}.Debug|Mixed Platforms.ActiveCfg = Debug|Any CPU
		{DD1CC1DB-4BF9-4C88-A100-733D84795F3A}.Debug|Mixed Platforms.Build.0 = Debug|Any CPU
		{DD1CC1DB-4BF9-4C88-A100-733D84795F3A}.Release|.NET.ActiveCfg = Release|Any CPU
		{DD1CC1DB-4BF9-4C88-A100-733D84795F3A}.Release|Any CPU.ActiveCfg = Release|Any CPU
		{DD1CC1DB-4BF9-4C88-A100-733D84795F3A}.Release|Any CPU.Build.0 = Release|Any CPU
		{DD1CC1DB-4BF9-4C88-A100-733D84795F3A}.Release|Mixed Platforms.ActiveCfg = Release|Any CPU
		{DD1CC1DB-4BF9-4C88-A100-733D84795F3A}.Release|Mixed Platforms.Build.0 = Release|Any CPU
		{0C76DD99-AC5D-47C0-B76F-CE70092A9AC7}.Debug|.NET.ActiveCfg = Debug|Any CPU
		{0C76DD99-AC5D-47C0-B76F-CE70092A9AC7}.Debug|.NET.Build.0 = Debug|Any CPU
		{0C76DD99-AC5D-47C0-B76F-CE70092A9AC7}.Debug|Any CPU.ActiveCfg = Debug|Any CPU
		{0C76DD99-AC5D-47C0-B76F-CE70092A9AC7}.Debug|Any CPU.Build.0 = Debug|Any CPU
		{0C76DD99-AC5D-47C0-B76F-CE70092A9AC7}.Debug|Mixed Platforms.ActiveCfg = Debug|Any CPU
		{0C76DD99-AC5D-47C0-B76F-CE70092A9AC7}.Debug|Mixed Platforms.Build.0 = Debug|Any CPU
		{0C76DD99-AC5D-47C0-B76F-CE70092A9AC7}.Release|.NET.ActiveCfg = Release|Any CPU
		{0C76DD99-AC5D-47C0-B76F-CE70092A9AC7}.Release|Any CPU.ActiveCfg = Release|Any CPU
		{0C76DD99-AC5D-47C0-B76F-CE70092A9AC7}.Release|Any CPU.Build.0 = Release|Any CPU
		{0C76DD99-AC5D-47C0-B76F-CE70092A9AC7}.Release|Mixed Platforms.ActiveCfg = Release|Any CPU
		{0C76DD99-AC5D-47C0-B76F-CE70092A9AC7}.Release|Mixed Platforms.Build.0 = Release|Any CPU
		{32ECD993-CB5A-4AD9-8C8F-45C73A088C13}.Debug|.NET.ActiveCfg = Debug|Any CPU
		{32ECD993-CB5A-4AD9-8C8F-45C73A088C13}.Debug|.NET.Build.0 = Debug|Any CPU
		{32ECD993-CB5A-4AD9-8C8F-45C73A088C13}.Debug|Any CPU.ActiveCfg = Debug|.NET
		{32ECD993-CB5A-4AD9-8C8F-45C73A088C13}.Debug|Mixed Platforms.ActiveCfg = Debug|.NET
		{32ECD993-CB5A-4AD9-8C8F-45C73A088C13}.Release|.NET.ActiveCfg = Debug|.NET
		{32ECD993-CB5A-4AD9-8C8F-45C73A088C13}.Release|.NET.Build.0 = Debug|.NET
		{32ECD993-CB5A-4AD9-8C8F-45C73A088C13}.Release|Any CPU.ActiveCfg = Debug|.NET
		{32ECD993-CB5A-4AD9-8C8F-45C73A088C13}.Release|Mixed Platforms.ActiveCfg = Debug|.NET
		{A4140C12-53F5-438C-8D24-9E48C504FECF}.Debug|.NET.ActiveCfg = Debug|Any CPU
		{A4140C12-53F5-438C-8D24-9E48C504FECF}.Debug|.NET.Build.0 = Debug|Any CPU
		{A4140C12-53F5-438C-8D24-9E48C504FECF}.Debug|Any CPU.ActiveCfg = Debug|Any CPU
		{A4140C12-53F5-438C-8D24-9E48C504FECF}.Debug|Any CPU.Build.0 = Debug|Any CPU
		{A4140C12-53F5-438C-8D24-9E48C504FECF}.Debug|Mixed Platforms.ActiveCfg = Debug|Any CPU
		{A4140C12-53F5-438C-8D24-9E48C504FECF}.Debug|Mixed Platforms.Build.0 = Debug|Any CPU
		{A4140C12-53F5-438C-8D24-9E48C504FECF}.Release|.NET.ActiveCfg = Release|Any CPU
		{A4140C12-53F5-438C-8D24-9E48C504FECF}.Release|Any CPU.ActiveCfg = Release|Any CPU
		{A4140C12-53F5-438C-8D24-9E48C504FECF}.Release|Any CPU.Build.0 = Release|Any CPU
		{A4140C12-53F5-438C-8D24-9E48C504FECF}.Release|Mixed Platforms.ActiveCfg = Release|Any CPU
		{A4140C12-53F5-438C-8D24-9E48C504FECF}.Release|Mixed Platforms.Build.0 = Release|Any CPU
		{73A45373-6307-4D39-9FE9-E8803F95FAB6}.Debug|.NET.ActiveCfg = Debug|Any CPU
		{73A45373-6307-4D39-9FE9-E8803F95FAB6}.Debug|.NET.Build.0 = Debug|Any CPU
		{73A45373-6307-4D39-9FE9-E8803F95FAB6}.Debug|Any CPU.ActiveCfg = Debug|Any CPU
		{73A45373-6307-4D39-9FE9-E8803F95FAB6}.Debug|Any CPU.Build.0 = Debug|Any CPU
		{73A45373-6307-4D39-9FE9-E8803F95FAB6}.Debug|Mixed Platforms.ActiveCfg = Debug|Any CPU
		{73A45373-6307-4D39-9FE9-E8803F95FAB6}.Debug|Mixed Platforms.Build.0 = Debug|Any CPU
		{73A45373-6307-4D39-9FE9-E8803F95FAB6}.Release|.NET.ActiveCfg = Release|Any CPU
		{73A45373-6307-4D39-9FE9-E8803F95FAB6}.Release|Any CPU.ActiveCfg = Release|Any CPU
		{73A45373-6307-4D39-9FE9-E8803F95FAB6}.Release|Any CPU.Build.0 = Release|Any CPU
		{73A45373-6307-4D39-9FE9-E8803F95FAB6}.Release|Mixed Platforms.ActiveCfg = Release|Any CPU
		{73A45373-6307-4D39-9FE9-E8803F95FAB6}.Release|Mixed Platforms.Build.0 = Release|Any CPU
		{F81C1843-3B2A-4D72-81AA-A658DB11FA85}.Debug|.NET.ActiveCfg = Debug|Any CPU
		{F81C1843-3B2A-4D72-81AA-A658DB11FA85}.Debug|.NET.Build.0 = Debug|Any CPU
		{F81C1843-3B2A-4D72-81AA-A658DB11FA85}.Debug|Any CPU.ActiveCfg = Debug|Any CPU
		{F81C1843-3B2A-4D72-81AA-A658DB11FA85}.Debug|Any CPU.Build.0 = Debug|Any CPU
		{F81C1843-3B2A-4D72-81AA-A658DB11FA85}.Debug|Mixed Platforms.ActiveCfg = Debug|Any CPU
		{F81C1843-3B2A-4D72-81AA-A658DB11FA85}.Debug|Mixed Platforms.Build.0 = Debug|Any CPU
		{F81C1843-3B2A-4D72-81AA-A658DB11FA85}.Release|.NET.ActiveCfg = Release|Any CPU
		{F81C1843-3B2A-4D72-81AA-A658DB11FA85}.Release|Any CPU.ActiveCfg = Release|Any CPU
		{F81C1843-3B2A-4D72-81AA-A658DB11FA85}.Release|Any CPU.Build.0 = Release|Any CPU
		{F81C1843-3B2A-4D72-81AA-A658DB11FA85}.Release|Mixed Platforms.ActiveCfg = Release|Any CPU
		{F81C1843-3B2A-4D72-81AA-A658DB11FA85}.Release|Mixed Platforms.Build.0 = Release|Any CPU
		{A4184D38-C5A6-4E01-9D1C-8C63791AF825}.Debug|.NET.ActiveCfg = Debug|Any CPU
		{A4184D38-C5A6-4E01-9D1C-8C63791AF825}.Debug|.NET.Build.0 = Debug|Any CPU
		{A4184D38-C5A6-4E01-9D1C-8C63791AF825}.Debug|Any CPU.ActiveCfg = Debug|Any CPU
		{A4184D38-C5A6-4E01-9D1C-8C63791AF825}.Debug|Any CPU.Build.0 = Debug|Any CPU
		{A4184D38-C5A6-4E01-9D1C-8C63791AF825}.Debug|Mixed Platforms.ActiveCfg = Debug|Any CPU
		{A4184D38-C5A6-4E01-9D1C-8C63791AF825}.Debug|Mixed Platforms.Build.0 = Debug|Any CPU
		{A4184D38-C5A6-4E01-9D1C-8C63791AF825}.Release|.NET.ActiveCfg = Release|Any CPU
		{A4184D38-C5A6-4E01-9D1C-8C63791AF825}.Release|Any CPU.ActiveCfg = Release|Any CPU
		{A4184D38-C5A6-4E01-9D1C-8C63791AF825}.Release|Any CPU.Build.0 = Release|Any CPU
		{A4184D38-C5A6-4E01-9D1C-8C63791AF825}.Release|Mixed Platforms.ActiveCfg = Release|Any CPU
		{A4184D38-C5A6-4E01-9D1C-8C63791AF825}.Release|Mixed Platforms.Build.0 = Release|Any CPU
		{6D681045-8EF1-44EA-A19D-C7A63A6D0F76}.Debug|.NET.ActiveCfg = Debug|Any CPU
		{6D681045-8EF1-44EA-A19D-C7A63A6D0F76}.Debug|Any CPU.ActiveCfg = Debug|Any CPU
		{6D681045-8EF1-44EA-A19D-C7A63A6D0F76}.Debug|Any CPU.Build.0 = Debug|Any CPU
		{6D681045-8EF1-44EA-A19D-C7A63A6D0F76}.Debug|Mixed Platforms.ActiveCfg = Debug|Any CPU
		{6D681045-8EF1-44EA-A19D-C7A63A6D0F76}.Debug|Mixed Platforms.Build.0 = Debug|Any CPU
		{6D681045-8EF1-44EA-A19D-C7A63A6D0F76}.Release|.NET.ActiveCfg = Release|Any CPU
		{6D681045-8EF1-44EA-A19D-C7A63A6D0F76}.Release|Any CPU.ActiveCfg = Release|Any CPU
		{6D681045-8EF1-44EA-A19D-C7A63A6D0F76}.Release|Any CPU.Build.0 = Release|Any CPU
		{6D681045-8EF1-44EA-A19D-C7A63A6D0F76}.Release|Mixed Platforms.ActiveCfg = Release|Any CPU
		{6D681045-8EF1-44EA-A19D-C7A63A6D0F76}.Release|Mixed Platforms.Build.0 = Release|Any CPU
	EndGlobalSection
	GlobalSection(SolutionProperties) = preSolution
		HideSolutionNode = FALSE
	EndGlobalSection
	GlobalSection(NestedProjects) = preSolution
		{3BB63704-345C-400C-9146-0AD46859D76D} = {1EDFEF14-016A-4660-9C65-2F933B6D61F9}
		{3BDECA7F-3A75-41BF-9753-D4AAC02DFE36} = {1EDFEF14-016A-4660-9C65-2F933B6D61F9}
		{826696BD-A157-45A5-A196-6652FE469D94} = {1EDFEF14-016A-4660-9C65-2F933B6D61F9}
		{AFA0024B-50B7-4CA3-84DC-EC0CA7109492} = {3BB63704-345C-400C-9146-0AD46859D76D}
	EndGlobalSection
EndGlobal
